
Microsoft Visual Studio Solution File, Format Version 12.00
# Visual Studio 2013
VisualStudioVersion = 12.0.21005.1
MinimumVisualStudioVersion = 10.0.40219.1
Project("{E24C65DC-7377-472B-9ABA-BC803B73C61A}") = "WebService", "http://localhost:49460", "{940CF486-C926-4463-ADB2-FAB076756051}"
	ProjectSection(WebsiteProperties) = preProject
		UseIISExpress = "true"
		TargetFrameworkMoniker = ".NETFramework,Version%3Dv4.5"
		ProjectReferences = "{c03619b0-8824-441d-a80d-5ed6c48783ff}|TraceLabWeb.dll;{D22496F8-7E72-4B36-9FCA-630CD1679943}|TraceLab.Core.dll;{E9B1767C-DB2A-4B16-B6AB-02CEA4DB3B6D}|TraceLabSDK.dll;{94A3E4E6-2EB7-4715-8A11-D8CF119D7458}|TraceLabSDK.Types.dll;{7286BBD3-327E-4078-A693-6F6AC53D72ED}|TraceLab.dll;"
		Debug.AspNetCompiler.VirtualPath = "/localhost_49460"
		Debug.AspNetCompiler.PhysicalPath = "..\WebService\"
		Debug.AspNetCompiler.TargetPath = "PrecompiledWeb\localhost_49460\"
		Debug.AspNetCompiler.Updateable = "true"
		Debug.AspNetCompiler.ForceOverwrite = "true"
		Debug.AspNetCompiler.FixedNames = "false"
		Debug.AspNetCompiler.Debug = "True"
		Release.AspNetCompiler.VirtualPath = "/localhost_49460"
		Release.AspNetCompiler.PhysicalPath = "..\WebService\"
		Release.AspNetCompiler.TargetPath = "PrecompiledWeb\localhost_49460\"
		Release.AspNetCompiler.Updateable = "true"
		Release.AspNetCompiler.ForceOverwrite = "true"
		Release.AspNetCompiler.FixedNames = "false"
		Release.AspNetCompiler.Debug = "False"
		SlnRelativePath = "..\WebService\"
	EndProjectSection
EndProject
Project("{FAE04EC0-301F-11D3-BF4B-00C04F79EFBC}") = "TraceLab.Core", "TraceLab.Core\TraceLab.Core.csproj", "{D22496F8-7E72-4B36-9FCA-630CD1679943}"
EndProject
Project("{FAE04EC0-301F-11D3-BF4B-00C04F79EFBC}") = "TraceLab", "TraceLab\TraceLab.csproj", "{7286BBD3-327E-4078-A693-6F6AC53D72ED}"
EndProject
Project("{FAE04EC0-301F-11D3-BF4B-00C04F79EFBC}") = "TraceLabSDK", "TraceLabSDK\TraceLabSDK.csproj", "{E9B1767C-DB2A-4B16-B6AB-02CEA4DB3B6D}"
EndProject
Project("{FAE04EC0-301F-11D3-BF4B-00C04F79EFBC}") = "TraceLabWeb", "TraceLabWeb\TraceLabWeb.csproj", "{C03619B0-8824-441D-A80D-5ED6C48783FF}"
EndProject
Project("{FAE04EC0-301F-11D3-BF4B-00C04F79EFBC}") = "TraceLabSDK.Types", "TraceLabSDK.Types\TraceLabSDK.Types.csproj", "{94A3E4E6-2EB7-4715-8A11-D8CF119D7458}"
EndProject
Global
	GlobalSection(SolutionConfigurationPlatforms) = preSolution
		Debug MONO_DEV|Any CPU = Debug MONO_DEV|Any CPU
		Debug Mono|Any CPU = Debug Mono|Any CPU
		Debug|Any CPU = Debug|Any CPU
		Deploy|Any CPU = Deploy|Any CPU
		Release Mono|Any CPU = Release Mono|Any CPU
		Release|Any CPU = Release|Any CPU
		Windows|Any CPU = Windows|Any CPU
	EndGlobalSection
	GlobalSection(ProjectConfigurationPlatforms) = postSolution
		{940CF486-C926-4463-ADB2-FAB076756051}.Debug MONO_DEV|Any CPU.ActiveCfg = Debug|Any CPU
		{940CF486-C926-4463-ADB2-FAB076756051}.Debug MONO_DEV|Any CPU.Build.0 = Debug|Any CPU
		{940CF486-C926-4463-ADB2-FAB076756051}.Debug Mono|Any CPU.ActiveCfg = Debug|Any CPU
		{940CF486-C926-4463-ADB2-FAB076756051}.Debug Mono|Any CPU.Build.0 = Debug|Any CPU
		{940CF486-C926-4463-ADB2-FAB076756051}.Debug|Any CPU.ActiveCfg = Debug|Any CPU
		{940CF486-C926-4463-ADB2-FAB076756051}.Debug|Any CPU.Build.0 = Debug|Any CPU
		{940CF486-C926-4463-ADB2-FAB076756051}.Deploy|Any CPU.ActiveCfg = Debug|Any CPU
		{940CF486-C926-4463-ADB2-FAB076756051}.Deploy|Any CPU.Build.0 = Debug|Any CPU
		{940CF486-C926-4463-ADB2-FAB076756051}.Release Mono|Any CPU.ActiveCfg = Debug|Any CPU
		{940CF486-C926-4463-ADB2-FAB076756051}.Release Mono|Any CPU.Build.0 = Debug|Any CPU
		{940CF486-C926-4463-ADB2-FAB076756051}.Release|Any CPU.ActiveCfg = Debug|Any CPU
		{940CF486-C926-4463-ADB2-FAB076756051}.Release|Any CPU.Build.0 = Debug|Any CPU
		{940CF486-C926-4463-ADB2-FAB076756051}.Windows|Any CPU.ActiveCfg = Debug|Any CPU
		{940CF486-C926-4463-ADB2-FAB076756051}.Windows|Any CPU.Build.0 = Debug|Any CPU
		{D22496F8-7E72-4B36-9FCA-630CD1679943}.Debug MONO_DEV|Any CPU.ActiveCfg = Debug MONO_DEV|Any CPU
		{D22496F8-7E72-4B36-9FCA-630CD1679943}.Debug MONO_DEV|Any CPU.Build.0 = Debug MONO_DEV|Any CPU
		{D22496F8-7E72-4B36-9FCA-630CD1679943}.Debug Mono|Any CPU.ActiveCfg = Debug Mono|Any CPU
		{D22496F8-7E72-4B36-9FCA-630CD1679943}.Debug Mono|Any CPU.Build.0 = Debug Mono|Any CPU
		{D22496F8-7E72-4B36-9FCA-630CD1679943}.Debug|Any CPU.ActiveCfg = Debug|Any CPU
		{D22496F8-7E72-4B36-9FCA-630CD1679943}.Debug|Any CPU.Build.0 = Debug|Any CPU
		{D22496F8-7E72-4B36-9FCA-630CD1679943}.Deploy|Any CPU.ActiveCfg = Deploy|Any CPU
		{D22496F8-7E72-4B36-9FCA-630CD1679943}.Deploy|Any CPU.Build.0 = Deploy|Any CPU
		{D22496F8-7E72-4B36-9FCA-630CD1679943}.Release Mono|Any CPU.ActiveCfg = Release Mono|Any CPU
		{D22496F8-7E72-4B36-9FCA-630CD1679943}.Release Mono|Any CPU.Build.0 = Release Mono|Any CPU
		{D22496F8-7E72-4B36-9FCA-630CD1679943}.Release|Any CPU.ActiveCfg = Release|Any CPU
		{D22496F8-7E72-4B36-9FCA-630CD1679943}.Release|Any CPU.Build.0 = Release|Any CPU
		{D22496F8-7E72-4B36-9FCA-630CD1679943}.Windows|Any CPU.ActiveCfg = Windows|Any CPU
		{D22496F8-7E72-4B36-9FCA-630CD1679943}.Windows|Any CPU.Build.0 = Windows|Any CPU
		{7286BBD3-327E-4078-A693-6F6AC53D72ED}.Debug MONO_DEV|Any CPU.ActiveCfg = Debug MONO_DEV|Any CPU
		{7286BBD3-327E-4078-A693-6F6AC53D72ED}.Debug MONO_DEV|Any CPU.Build.0 = Debug MONO_DEV|Any CPU
		{7286BBD3-327E-4078-A693-6F6AC53D72ED}.Debug Mono|Any CPU.ActiveCfg = Debug Mono|Any CPU
		{7286BBD3-327E-4078-A693-6F6AC53D72ED}.Debug Mono|Any CPU.Build.0 = Debug Mono|Any CPU
		{7286BBD3-327E-4078-A693-6F6AC53D72ED}.Debug|Any CPU.ActiveCfg = Debug|Any CPU
		{7286BBD3-327E-4078-A693-6F6AC53D72ED}.Debug|Any CPU.Build.0 = Debug|Any CPU
		{7286BBD3-327E-4078-A693-6F6AC53D72ED}.Deploy|Any CPU.ActiveCfg = Deploy|Any CPU
		{7286BBD3-327E-4078-A693-6F6AC53D72ED}.Deploy|Any CPU.Build.0 = Deploy|Any CPU
		{7286BBD3-327E-4078-A693-6F6AC53D72ED}.Release Mono|Any CPU.ActiveCfg = Release Mono|Any CPU
		{7286BBD3-327E-4078-A693-6F6AC53D72ED}.Release Mono|Any CPU.Build.0 = Release Mono|Any CPU
		{7286BBD3-327E-4078-A693-6F6AC53D72ED}.Release|Any CPU.ActiveCfg = Release|Any CPU
		{7286BBD3-327E-4078-A693-6F6AC53D72ED}.Release|Any CPU.Build.0 = Release|Any CPU
		{7286BBD3-327E-4078-A693-6F6AC53D72ED}.Windows|Any CPU.ActiveCfg = Release Mono|Any CPU
		{7286BBD3-327E-4078-A693-6F6AC53D72ED}.Windows|Any CPU.Build.0 = Release Mono|Any CPU
		{E9B1767C-DB2A-4B16-B6AB-02CEA4DB3B6D}.Debug MONO_DEV|Any CPU.ActiveCfg = Debug MONO_DEV|Any CPU
		{E9B1767C-DB2A-4B16-B6AB-02CEA4DB3B6D}.Debug MONO_DEV|Any CPU.Build.0 = Debug MONO_DEV|Any CPU
		{E9B1767C-DB2A-4B16-B6AB-02CEA4DB3B6D}.Debug Mono|Any CPU.ActiveCfg = Debug Mono|Any CPU
		{E9B1767C-DB2A-4B16-B6AB-02CEA4DB3B6D}.Debug Mono|Any CPU.Build.0 = Debug Mono|Any CPU
		{E9B1767C-DB2A-4B16-B6AB-02CEA4DB3B6D}.Debug|Any CPU.ActiveCfg = Debug|Any CPU
		{E9B1767C-DB2A-4B16-B6AB-02CEA4DB3B6D}.Debug|Any CPU.Build.0 = Debug|Any CPU
		{E9B1767C-DB2A-4B16-B6AB-02CEA4DB3B6D}.Deploy|Any CPU.ActiveCfg = Deploy|Any CPU
		{E9B1767C-DB2A-4B16-B6AB-02CEA4DB3B6D}.Deploy|Any CPU.Build.0 = Deploy|Any CPU
		{E9B1767C-DB2A-4B16-B6AB-02CEA4DB3B6D}.Release Mono|Any CPU.ActiveCfg = Release Mono|Any CPU
		{E9B1767C-DB2A-4B16-B6AB-02CEA4DB3B6D}.Release Mono|Any CPU.Build.0 = Release Mono|Any CPU
		{E9B1767C-DB2A-4B16-B6AB-02CEA4DB3B6D}.Release|Any CPU.ActiveCfg = Release|Any CPU
		{E9B1767C-DB2A-4B16-B6AB-02CEA4DB3B6D}.Release|Any CPU.Build.0 = Release|Any CPU
		{E9B1767C-DB2A-4B16-B6AB-02CEA4DB3B6D}.Windows|Any CPU.ActiveCfg = Release Mono|Any CPU
		{E9B1767C-DB2A-4B16-B6AB-02CEA4DB3B6D}.Windows|Any CPU.Build.0 = Release Mono|Any CPU
		{C03619B0-8824-441D-A80D-5ED6C48783FF}.Debug MONO_DEV|Any CPU.ActiveCfg = Debug|Any CPU
		{C03619B0-8824-441D-A80D-5ED6C48783FF}.Debug MONO_DEV|Any CPU.Build.0 = Debug|Any CPU
		{C03619B0-8824-441D-A80D-5ED6C48783FF}.Debug Mono|Any CPU.ActiveCfg = Debug|Any CPU
		{C03619B0-8824-441D-A80D-5ED6C48783FF}.Debug Mono|Any CPU.Build.0 = Debug|Any CPU
		{C03619B0-8824-441D-A80D-5ED6C48783FF}.Debug|Any CPU.ActiveCfg = Debug|Any CPU
		{C03619B0-8824-441D-A80D-5ED6C48783FF}.Debug|Any CPU.Build.0 = Debug|Any CPU
		{C03619B0-8824-441D-A80D-5ED6C48783FF}.Deploy|Any CPU.ActiveCfg = Debug|Any CPU
		{C03619B0-8824-441D-A80D-5ED6C48783FF}.Deploy|Any CPU.Build.0 = Debug|Any CPU
		{C03619B0-8824-441D-A80D-5ED6C48783FF}.Release Mono|Any CPU.ActiveCfg = Release|Any CPU
		{C03619B0-8824-441D-A80D-5ED6C48783FF}.Release Mono|Any CPU.Build.0 = Release|Any CPU
		{C03619B0-8824-441D-A80D-5ED6C48783FF}.Release|Any CPU.ActiveCfg = Release|Any CPU
		{C03619B0-8824-441D-A80D-5ED6C48783FF}.Release|Any CPU.Build.0 = Release|Any CPU
		{C03619B0-8824-441D-A80D-5ED6C48783FF}.Windows|Any CPU.ActiveCfg = Release|Any CPU
		{C03619B0-8824-441D-A80D-5ED6C48783FF}.Windows|Any CPU.Build.0 = Release|Any CPU
		{94A3E4E6-2EB7-4715-8A11-D8CF119D7458}.Debug MONO_DEV|Any CPU.ActiveCfg = Debug MONO_DEV|Any CPU
		{94A3E4E6-2EB7-4715-8A11-D8CF119D7458}.Debug MONO_DEV|Any CPU.Build.0 = Debug MONO_DEV|Any CPU
		{94A3E4E6-2EB7-4715-8A11-D8CF119D7458}.Debug Mono|Any CPU.ActiveCfg = Debug Mono|Any CPU
		{94A3E4E6-2EB7-4715-8A11-D8CF119D7458}.Debug Mono|Any CPU.Build.0 = Debug Mono|Any CPU
		{94A3E4E6-2EB7-4715-8A11-D8CF119D7458}.Debug|Any CPU.ActiveCfg = Debug|Any CPU
		{94A3E4E6-2EB7-4715-8A11-D8CF119D7458}.Debug|Any CPU.Build.0 = Debug|Any CPU
		{94A3E4E6-2EB7-4715-8A11-D8CF119D7458}.Deploy|Any CPU.ActiveCfg = Deploy|Any CPU
		{94A3E4E6-2EB7-4715-8A11-D8CF119D7458}.Deploy|Any CPU.Build.0 = Deploy|Any CPU
		{94A3E4E6-2EB7-4715-8A11-D8CF119D7458}.Release Mono|Any CPU.ActiveCfg = Release Mono|Any CPU
		{94A3E4E6-2EB7-4715-8A11-D8CF119D7458}.Release Mono|Any CPU.Build.0 = Release Mono|Any CPU
		{94A3E4E6-2EB7-4715-8A11-D8CF119D7458}.Release|Any CPU.ActiveCfg = Release|Any CPU
		{94A3E4E6-2EB7-4715-8A11-D8CF119D7458}.Release|Any CPU.Build.0 = Release|Any CPU
		{94A3E4E6-2EB7-4715-8A11-D8CF119D7458}.Windows|Any CPU.ActiveCfg = Release Mono|Any CPU
		{94A3E4E6-2EB7-4715-8A11-D8CF119D7458}.Windows|Any CPU.Build.0 = Release Mono|Any CPU
	EndGlobalSection
	GlobalSection(SolutionProperties) = preSolution
		HideSolutionNode = FALSE
	EndGlobalSection
EndGlobal
