
Microsoft Visual Studio Solution File, Format Version 11.00
# Visual Studio 2010
Project("{FAE04EC0-301F-11D3-BF4B-00C04F79EFBC}") = "UsageReformat", "UsageReformat\UsageReformat.csproj", "{D03F7856-4F63-4696-A41D-1A5CA36B1E80}"
EndProject
Project("{FAE04EC0-301F-11D3-BF4B-00C04F79EFBC}") = "ResultsCheck", "ResultsCheck\ResultsCheck.csproj", "{0A171D7E-B053-4FC1-8CD4-D30FA20DF1C5}"
EndProject
Global
	GlobalSection(SolutionConfigurationPlatforms) = preSolution
		Debug|x86 = Debug|x86
		Release|x86 = Release|x86
	EndGlobalSection
	GlobalSection(ProjectConfigurationPlatforms) = postSolution
		{D03F7856-4F63-4696-A41D-1A5CA36B1E80}.Debug|x86.ActiveCfg = Debug|x86
		{D03F7856-4F63-4696-A41D-1A5CA36B1E80}.Debug|x86.Build.0 = Debug|x86
		{D03F7856-4F63-4696-A41D-1A5CA36B1E80}.Release|x86.ActiveCfg = Release|x86
		{D03F7856-4F63-4696-A41D-1A5CA36B1E80}.Release|x86.Build.0 = Release|x86
		{0A171D7E-B053-4FC1-8CD4-D30FA20DF1C5}.Debug|x86.ActiveCfg = Debug|x86
		{0A171D7E-B053-4FC1-8CD4-D30FA20DF1C5}.Debug|x86.Build.0 = Debug|x86
		{0A171D7E-B053-4FC1-8CD4-D30FA20DF1C5}.Release|x86.ActiveCfg = Release|x86
		{0A171D7E-B053-4FC1-8CD4-D30FA20DF1C5}.Release|x86.Build.0 = Release|x86
	EndGlobalSection
	GlobalSection(SolutionProperties) = preSolution
		HideSolutionNode = FALSE
	EndGlobalSection
EndGlobal
