
Microsoft Visual Studio Solution File, Format Version 11.00
# Visual Studio 2010
Project("{FAE04EC0-301F-11D3-BF4B-00C04F79EFBC}") = "TraceLab", "TraceLab.csproj", "{7286BBD3-327E-4078-A693-6F6AC53D72ED}"
EndProject
Project("{FAE04EC0-301F-11D3-BF4B-00C04F79EFBC}") = "TraceLabSDK", "TraceLabSDK\TraceLabSDK.csproj", "{E9B1767C-DB2A-4B16-B6AB-02CEA4DB3B6D}"
EndProject
Project("{FAE04EC0-301F-11D3-BF4B-00C04F79EFBC}") = "TraceLab.Core", "TraceLab.Core\TraceLab.Core.csproj", "{D22496F8-7E72-4B36-9FCA-630CD1679943}"
EndProject
Project("{FAE04EC0-301F-11D3-BF4B-00C04F79EFBC}") = "TraceLab.UI.WPF", "TraceLab.UI.WPF\TraceLab.UI.WPF.csproj", "{E8980EAF-6E96-4A24-890B-D72D67AA60ED}"
EndProject
Project("{FAE04EC0-301F-11D3-BF4B-00C04F79EFBC}") = "TraceLab.Core.Test", "TraceLab.Core.Test\TraceLab.Core.Test.csproj", "{2AA8F02D-2B2A-4032-B81D-2ECA9E3CEDA8}"
EndProject
Project("{FAE04EC0-301F-11D3-BF4B-00C04F79EFBC}") = "TraceLabSDK.UI.WPF", "TraceLabSDK.UI.WPF\TraceLabSDK.UI.WPF.csproj", "{79C2DC13-8416-4458-A986-E6A2EB5EAEDB}"
EndProject
Project("{FAE04EC0-301F-11D3-BF4B-00C04F79EFBC}") = "TraceLabSDK.Types", "TraceLabSDK.Types\TraceLabSDK.Types.csproj", "{94A3E4E6-2EB7-4715-8A11-D8CF119D7458}"
EndProject
Project("{2150E333-8FDC-42A3-9474-1A3956D46DE8}") = "Solution Items", "Solution Items", "{7936A0CF-9C1C-4AF9-8B60-151D93C07321}"
	ProjectSection(SolutionItems) = preProject
		TraceLab.testsettings = TraceLab.testsettings
		TraceLab.Wpf.vsmdi = TraceLab.Wpf.vsmdi
	EndProjectSection
EndProject
Project("{930C7802-8A8C-48F9-8165-68863BCCD9DD}") = "WixInstaller", "WixInstaller\WixInstaller.wixproj", "{59713B02-C291-4FBF-90BC-7C3730CEE702}"
	ProjectSection(ProjectDependencies) = postProject
		{79C2DC13-8416-4458-A986-E6A2EB5EAEDB} = {79C2DC13-8416-4458-A986-E6A2EB5EAEDB}
		{2AA8F02D-2B2A-4032-B81D-2ECA9E3CEDA8} = {2AA8F02D-2B2A-4032-B81D-2ECA9E3CEDA8}
		{E9B1767C-DB2A-4B16-B6AB-02CEA4DB3B6D} = {E9B1767C-DB2A-4B16-B6AB-02CEA4DB3B6D}
		{E8980EAF-6E96-4A24-890B-D72D67AA60ED} = {E8980EAF-6E96-4A24-890B-D72D67AA60ED}
		{7286BBD3-327E-4078-A693-6F6AC53D72ED} = {7286BBD3-327E-4078-A693-6F6AC53D72ED}
		{94A3E4E6-2EB7-4715-8A11-D8CF119D7458} = {94A3E4E6-2EB7-4715-8A11-D8CF119D7458}
		{D22496F8-7E72-4B36-9FCA-630CD1679943} = {D22496F8-7E72-4B36-9FCA-630CD1679943}
	EndProjectSection
EndProject
Project("{FAE04EC0-301F-11D3-BF4B-00C04F79EFBC}") = "InstallerActions", "InstallerActions\InstallerActions.csproj", "{2617B9A1-0DB0-40FB-B3EA-009578ACDE3A}"
EndProject
Project("{FAE04EC0-301F-11D3-BF4B-00C04F79EFBC}") = "InstallerActions.Test", "InstallerActions.Test\InstallerActions.Test.csproj", "{6DE5E419-2043-4506-BACE-DEAEB9248776}"
EndProject
Project("{FAE04EC0-301F-11D3-BF4B-00C04F79EFBC}") = "PackageBuilder", "PackageBuilder\PackageBuilder.csproj", "{24F89B25-7534-4599-9296-967BC2575FD5}"
EndProject
Project("{FAE04EC0-301F-11D3-BF4B-00C04F79EFBC}") = "TraceLabConsole", "TraceLabConsole\TraceLabConsole.csproj", "{23CFB202-288D-4574-AA4E-D8FBA7BC9A5C}"
EndProject
Project("{FAE04EC0-301F-11D3-BF4B-00C04F79EFBC}") = "TraceLab.UI.GTK", "TraceLab.UI.GTK\TraceLab.UI.GTK.csproj", "{82BFB2F7-8C98-4374-AFC1-CC22E1861DED}"
EndProject
Global
	GlobalSection(TestCaseManagementSettings) = postSolution
		CategoryFile = TraceLab.Wpf.vsmdi
	EndGlobalSection
	GlobalSection(SolutionConfigurationPlatforms) = preSolution
		Debug MONO_DEV|Any CPU = Debug MONO_DEV|Any CPU
		Debug MONO_DEV|Mixed Platforms = Debug MONO_DEV|Mixed Platforms
		Debug MONO_DEV|x86 = Debug MONO_DEV|x86
		Debug Mono|Any CPU = Debug Mono|Any CPU
		Debug Mono|Mixed Platforms = Debug Mono|Mixed Platforms
		Debug Mono|x86 = Debug Mono|x86
		Debug|Any CPU = Debug|Any CPU
		Debug|Mixed Platforms = Debug|Mixed Platforms
		Debug|x86 = Debug|x86
		Deploy|Any CPU = Deploy|Any CPU
		Deploy|Mixed Platforms = Deploy|Mixed Platforms
		Deploy|x86 = Deploy|x86
		Release Mono|Any CPU = Release Mono|Any CPU
		Release Mono|Mixed Platforms = Release Mono|Mixed Platforms
		Release Mono|x86 = Release Mono|x86
		Release|Any CPU = Release|Any CPU
		Release|Mixed Platforms = Release|Mixed Platforms
		Release|x86 = Release|x86
	EndGlobalSection
	GlobalSection(ProjectConfigurationPlatforms) = postSolution
		{7286BBD3-327E-4078-A693-6F6AC53D72ED}.Debug MONO_DEV|Any CPU.ActiveCfg = Debug MONO_DEV|Any CPU
		{7286BBD3-327E-4078-A693-6F6AC53D72ED}.Debug MONO_DEV|Any CPU.Build.0 = Debug MONO_DEV|Any CPU
		{7286BBD3-327E-4078-A693-6F6AC53D72ED}.Debug MONO_DEV|Mixed Platforms.ActiveCfg = Debug MONO_DEV|Any CPU
		{7286BBD3-327E-4078-A693-6F6AC53D72ED}.Debug MONO_DEV|Mixed Platforms.Build.0 = Debug MONO_DEV|Any CPU
		{7286BBD3-327E-4078-A693-6F6AC53D72ED}.Debug MONO_DEV|x86.ActiveCfg = Debug MONO_DEV|Any CPU
		{7286BBD3-327E-4078-A693-6F6AC53D72ED}.Debug Mono|Any CPU.ActiveCfg = Debug Mono|Any CPU
		{7286BBD3-327E-4078-A693-6F6AC53D72ED}.Debug Mono|Any CPU.Build.0 = Debug Mono|Any CPU
		{7286BBD3-327E-4078-A693-6F6AC53D72ED}.Debug Mono|Mixed Platforms.ActiveCfg = Debug Mono|Any CPU
		{7286BBD3-327E-4078-A693-6F6AC53D72ED}.Debug Mono|Mixed Platforms.Build.0 = Debug Mono|Any CPU
		{7286BBD3-327E-4078-A693-6F6AC53D72ED}.Debug Mono|x86.ActiveCfg = Debug Mono|Any CPU
		{7286BBD3-327E-4078-A693-6F6AC53D72ED}.Debug|Any CPU.ActiveCfg = Debug|x86
		{7286BBD3-327E-4078-A693-6F6AC53D72ED}.Debug|Mixed Platforms.ActiveCfg = Debug|x86
		{7286BBD3-327E-4078-A693-6F6AC53D72ED}.Debug|Mixed Platforms.Build.0 = Debug|x86
		{7286BBD3-327E-4078-A693-6F6AC53D72ED}.Debug|x86.ActiveCfg = Debug|x86
		{7286BBD3-327E-4078-A693-6F6AC53D72ED}.Debug|x86.Build.0 = Debug|x86
		{7286BBD3-327E-4078-A693-6F6AC53D72ED}.Deploy|Any CPU.ActiveCfg = Deploy|Any CPU
		{7286BBD3-327E-4078-A693-6F6AC53D72ED}.Deploy|Any CPU.Build.0 = Deploy|Any CPU
		{7286BBD3-327E-4078-A693-6F6AC53D72ED}.Deploy|Mixed Platforms.ActiveCfg = Deploy|Any CPU
		{7286BBD3-327E-4078-A693-6F6AC53D72ED}.Deploy|Mixed Platforms.Build.0 = Deploy|Any CPU
		{7286BBD3-327E-4078-A693-6F6AC53D72ED}.Deploy|x86.ActiveCfg = Deploy|Any CPU
		{7286BBD3-327E-4078-A693-6F6AC53D72ED}.Release Mono|Any CPU.ActiveCfg = Release Mono|Any CPU
		{7286BBD3-327E-4078-A693-6F6AC53D72ED}.Release Mono|Any CPU.Build.0 = Release Mono|Any CPU
		{7286BBD3-327E-4078-A693-6F6AC53D72ED}.Release Mono|Mixed Platforms.ActiveCfg = Release Mono|Any CPU
		{7286BBD3-327E-4078-A693-6F6AC53D72ED}.Release Mono|Mixed Platforms.Build.0 = Release Mono|Any CPU
		{7286BBD3-327E-4078-A693-6F6AC53D72ED}.Release Mono|x86.ActiveCfg = Release Mono|Any CPU
		{7286BBD3-327E-4078-A693-6F6AC53D72ED}.Release|Any CPU.ActiveCfg = Release|x86
		{7286BBD3-327E-4078-A693-6F6AC53D72ED}.Release|Mixed Platforms.ActiveCfg = Release|x86
		{7286BBD3-327E-4078-A693-6F6AC53D72ED}.Release|Mixed Platforms.Build.0 = Release|x86
		{7286BBD3-327E-4078-A693-6F6AC53D72ED}.Release|x86.ActiveCfg = Release|x86
		{7286BBD3-327E-4078-A693-6F6AC53D72ED}.Release|x86.Build.0 = Release|x86
		{E9B1767C-DB2A-4B16-B6AB-02CEA4DB3B6D}.Debug MONO_DEV|Any CPU.ActiveCfg = Debug MONO_DEV|Any CPU
		{E9B1767C-DB2A-4B16-B6AB-02CEA4DB3B6D}.Debug MONO_DEV|Any CPU.Build.0 = Debug MONO_DEV|Any CPU
		{E9B1767C-DB2A-4B16-B6AB-02CEA4DB3B6D}.Debug MONO_DEV|Mixed Platforms.ActiveCfg = Debug MONO_DEV|Any CPU
		{E9B1767C-DB2A-4B16-B6AB-02CEA4DB3B6D}.Debug MONO_DEV|Mixed Platforms.Build.0 = Debug MONO_DEV|Any CPU
		{E9B1767C-DB2A-4B16-B6AB-02CEA4DB3B6D}.Debug MONO_DEV|x86.ActiveCfg = Debug MONO_DEV|Any CPU
		{E9B1767C-DB2A-4B16-B6AB-02CEA4DB3B6D}.Debug Mono|Any CPU.ActiveCfg = Debug Mono|Any CPU
		{E9B1767C-DB2A-4B16-B6AB-02CEA4DB3B6D}.Debug Mono|Any CPU.Build.0 = Debug Mono|Any CPU
		{E9B1767C-DB2A-4B16-B6AB-02CEA4DB3B6D}.Debug Mono|Mixed Platforms.ActiveCfg = Debug Mono|Any CPU
		{E9B1767C-DB2A-4B16-B6AB-02CEA4DB3B6D}.Debug Mono|Mixed Platforms.Build.0 = Debug Mono|Any CPU
		{E9B1767C-DB2A-4B16-B6AB-02CEA4DB3B6D}.Debug Mono|x86.ActiveCfg = Debug Mono|Any CPU
		{E9B1767C-DB2A-4B16-B6AB-02CEA4DB3B6D}.Debug|Any CPU.ActiveCfg = Debug|Any CPU
		{E9B1767C-DB2A-4B16-B6AB-02CEA4DB3B6D}.Debug|Any CPU.Build.0 = Debug|Any CPU
		{E9B1767C-DB2A-4B16-B6AB-02CEA4DB3B6D}.Debug|Mixed Platforms.ActiveCfg = Debug|Any CPU
		{E9B1767C-DB2A-4B16-B6AB-02CEA4DB3B6D}.Debug|Mixed Platforms.Build.0 = Debug|Any CPU
		{E9B1767C-DB2A-4B16-B6AB-02CEA4DB3B6D}.Debug|x86.ActiveCfg = Debug|Any CPU
		{E9B1767C-DB2A-4B16-B6AB-02CEA4DB3B6D}.Deploy|Any CPU.ActiveCfg = Deploy|Any CPU
		{E9B1767C-DB2A-4B16-B6AB-02CEA4DB3B6D}.Deploy|Any CPU.Build.0 = Deploy|Any CPU
		{E9B1767C-DB2A-4B16-B6AB-02CEA4DB3B6D}.Deploy|Mixed Platforms.ActiveCfg = Deploy|Any CPU
		{E9B1767C-DB2A-4B16-B6AB-02CEA4DB3B6D}.Deploy|Mixed Platforms.Build.0 = Deploy|Any CPU
		{E9B1767C-DB2A-4B16-B6AB-02CEA4DB3B6D}.Deploy|x86.ActiveCfg = Deploy|Any CPU
		{E9B1767C-DB2A-4B16-B6AB-02CEA4DB3B6D}.Release Mono|Any CPU.ActiveCfg = Release Mono|Any CPU
		{E9B1767C-DB2A-4B16-B6AB-02CEA4DB3B6D}.Release Mono|Any CPU.Build.0 = Release Mono|Any CPU
		{E9B1767C-DB2A-4B16-B6AB-02CEA4DB3B6D}.Release Mono|Mixed Platforms.ActiveCfg = Release Mono|Any CPU
		{E9B1767C-DB2A-4B16-B6AB-02CEA4DB3B6D}.Release Mono|Mixed Platforms.Build.0 = Release Mono|Any CPU
		{E9B1767C-DB2A-4B16-B6AB-02CEA4DB3B6D}.Release Mono|x86.ActiveCfg = Release Mono|Any CPU
		{E9B1767C-DB2A-4B16-B6AB-02CEA4DB3B6D}.Release|Any CPU.ActiveCfg = Release|Any CPU
		{E9B1767C-DB2A-4B16-B6AB-02CEA4DB3B6D}.Release|Any CPU.Build.0 = Release|Any CPU
		{E9B1767C-DB2A-4B16-B6AB-02CEA4DB3B6D}.Release|Mixed Platforms.ActiveCfg = Release|Any CPU
		{E9B1767C-DB2A-4B16-B6AB-02CEA4DB3B6D}.Release|Mixed Platforms.Build.0 = Release|Any CPU
		{E9B1767C-DB2A-4B16-B6AB-02CEA4DB3B6D}.Release|x86.ActiveCfg = Release|Any CPU
		{D22496F8-7E72-4B36-9FCA-630CD1679943}.Debug MONO_DEV|Any CPU.ActiveCfg = Debug MONO_DEV|Any CPU
		{D22496F8-7E72-4B36-9FCA-630CD1679943}.Debug MONO_DEV|Any CPU.Build.0 = Debug MONO_DEV|Any CPU
		{D22496F8-7E72-4B36-9FCA-630CD1679943}.Debug MONO_DEV|Mixed Platforms.ActiveCfg = Debug MONO_DEV|Any CPU
		{D22496F8-7E72-4B36-9FCA-630CD1679943}.Debug MONO_DEV|Mixed Platforms.Build.0 = Debug MONO_DEV|Any CPU
		{D22496F8-7E72-4B36-9FCA-630CD1679943}.Debug MONO_DEV|x86.ActiveCfg = Debug MONO_DEV|Any CPU
		{D22496F8-7E72-4B36-9FCA-630CD1679943}.Debug Mono|Any CPU.ActiveCfg = Debug Mono|Any CPU
		{D22496F8-7E72-4B36-9FCA-630CD1679943}.Debug Mono|Any CPU.Build.0 = Debug Mono|Any CPU
		{D22496F8-7E72-4B36-9FCA-630CD1679943}.Debug Mono|Mixed Platforms.ActiveCfg = Debug Mono|Any CPU
		{D22496F8-7E72-4B36-9FCA-630CD1679943}.Debug Mono|Mixed Platforms.Build.0 = Debug Mono|Any CPU
		{D22496F8-7E72-4B36-9FCA-630CD1679943}.Debug Mono|x86.ActiveCfg = Debug Mono|Any CPU
		{D22496F8-7E72-4B36-9FCA-630CD1679943}.Debug|Any CPU.ActiveCfg = Debug|Any CPU
		{D22496F8-7E72-4B36-9FCA-630CD1679943}.Debug|Any CPU.Build.0 = Debug|Any CPU
		{D22496F8-7E72-4B36-9FCA-630CD1679943}.Debug|Mixed Platforms.ActiveCfg = Debug|Any CPU
		{D22496F8-7E72-4B36-9FCA-630CD1679943}.Debug|Mixed Platforms.Build.0 = Debug|Any CPU
		{D22496F8-7E72-4B36-9FCA-630CD1679943}.Debug|x86.ActiveCfg = Debug|Any CPU
		{D22496F8-7E72-4B36-9FCA-630CD1679943}.Deploy|Any CPU.ActiveCfg = Deploy|Any CPU
		{D22496F8-7E72-4B36-9FCA-630CD1679943}.Deploy|Any CPU.Build.0 = Deploy|Any CPU
		{D22496F8-7E72-4B36-9FCA-630CD1679943}.Deploy|Mixed Platforms.ActiveCfg = Deploy|Any CPU
		{D22496F8-7E72-4B36-9FCA-630CD1679943}.Deploy|Mixed Platforms.Build.0 = Deploy|Any CPU
		{D22496F8-7E72-4B36-9FCA-630CD1679943}.Deploy|x86.ActiveCfg = Deploy|Any CPU
		{D22496F8-7E72-4B36-9FCA-630CD1679943}.Release Mono|Any CPU.ActiveCfg = Release Mono|Any CPU
		{D22496F8-7E72-4B36-9FCA-630CD1679943}.Release Mono|Any CPU.Build.0 = Release Mono|Any CPU
		{D22496F8-7E72-4B36-9FCA-630CD1679943}.Release Mono|Mixed Platforms.ActiveCfg = Release Mono|Any CPU
		{D22496F8-7E72-4B36-9FCA-630CD1679943}.Release Mono|Mixed Platforms.Build.0 = Release Mono|Any CPU
		{D22496F8-7E72-4B36-9FCA-630CD1679943}.Release Mono|x86.ActiveCfg = Release Mono|Any CPU
		{D22496F8-7E72-4B36-9FCA-630CD1679943}.Release|Any CPU.ActiveCfg = Release|Any CPU
		{D22496F8-7E72-4B36-9FCA-630CD1679943}.Release|Any CPU.Build.0 = Release|Any CPU
		{D22496F8-7E72-4B36-9FCA-630CD1679943}.Release|Mixed Platforms.ActiveCfg = Release|Any CPU
		{D22496F8-7E72-4B36-9FCA-630CD1679943}.Release|Mixed Platforms.Build.0 = Release|Any CPU
		{D22496F8-7E72-4B36-9FCA-630CD1679943}.Release|x86.ActiveCfg = Release|Any CPU
		{E8980EAF-6E96-4A24-890B-D72D67AA60ED}.Debug MONO_DEV|Any CPU.ActiveCfg = Debug|Any CPU
		{E8980EAF-6E96-4A24-890B-D72D67AA60ED}.Debug MONO_DEV|Any CPU.Build.0 = Debug|Any CPU
		{E8980EAF-6E96-4A24-890B-D72D67AA60ED}.Debug MONO_DEV|Mixed Platforms.ActiveCfg = Debug|Any CPU
		{E8980EAF-6E96-4A24-890B-D72D67AA60ED}.Debug MONO_DEV|Mixed Platforms.Build.0 = Debug|Any CPU
		{E8980EAF-6E96-4A24-890B-D72D67AA60ED}.Debug MONO_DEV|x86.ActiveCfg = Debug|Any CPU
		{E8980EAF-6E96-4A24-890B-D72D67AA60ED}.Debug Mono|Any CPU.ActiveCfg = Debug|Any CPU
		{E8980EAF-6E96-4A24-890B-D72D67AA60ED}.Debug Mono|Any CPU.Build.0 = Debug|Any CPU
		{E8980EAF-6E96-4A24-890B-D72D67AA60ED}.Debug Mono|Mixed Platforms.ActiveCfg = Debug|Any CPU
		{E8980EAF-6E96-4A24-890B-D72D67AA60ED}.Debug Mono|Mixed Platforms.Build.0 = Debug|Any CPU
		{E8980EAF-6E96-4A24-890B-D72D67AA60ED}.Debug Mono|x86.ActiveCfg = Debug|Any CPU
		{E8980EAF-6E96-4A24-890B-D72D67AA60ED}.Debug|Any CPU.ActiveCfg = Debug|Any CPU
		{E8980EAF-6E96-4A24-890B-D72D67AA60ED}.Debug|Any CPU.Build.0 = Debug|Any CPU
		{E8980EAF-6E96-4A24-890B-D72D67AA60ED}.Debug|Mixed Platforms.ActiveCfg = Debug|Any CPU
		{E8980EAF-6E96-4A24-890B-D72D67AA60ED}.Debug|Mixed Platforms.Build.0 = Debug|Any CPU
		{E8980EAF-6E96-4A24-890B-D72D67AA60ED}.Debug|x86.ActiveCfg = Debug|Any CPU
		{E8980EAF-6E96-4A24-890B-D72D67AA60ED}.Deploy|Any CPU.ActiveCfg = Deploy|Any CPU
		{E8980EAF-6E96-4A24-890B-D72D67AA60ED}.Deploy|Any CPU.Build.0 = Deploy|Any CPU
		{E8980EAF-6E96-4A24-890B-D72D67AA60ED}.Deploy|Mixed Platforms.ActiveCfg = Deploy|Any CPU
		{E8980EAF-6E96-4A24-890B-D72D67AA60ED}.Deploy|Mixed Platforms.Build.0 = Deploy|Any CPU
		{E8980EAF-6E96-4A24-890B-D72D67AA60ED}.Deploy|x86.ActiveCfg = Deploy|Any CPU
		{E8980EAF-6E96-4A24-890B-D72D67AA60ED}.Release Mono|Any CPU.ActiveCfg = Release|Any CPU
		{E8980EAF-6E96-4A24-890B-D72D67AA60ED}.Release Mono|Any CPU.Build.0 = Release|Any CPU
		{E8980EAF-6E96-4A24-890B-D72D67AA60ED}.Release Mono|Mixed Platforms.ActiveCfg = Release|Any CPU
		{E8980EAF-6E96-4A24-890B-D72D67AA60ED}.Release Mono|Mixed Platforms.Build.0 = Release|Any CPU
		{E8980EAF-6E96-4A24-890B-D72D67AA60ED}.Release Mono|x86.ActiveCfg = Release|Any CPU
		{E8980EAF-6E96-4A24-890B-D72D67AA60ED}.Release|Any CPU.ActiveCfg = Release|Any CPU
		{E8980EAF-6E96-4A24-890B-D72D67AA60ED}.Release|Any CPU.Build.0 = Release|Any CPU
		{E8980EAF-6E96-4A24-890B-D72D67AA60ED}.Release|Mixed Platforms.ActiveCfg = Release|Any CPU
		{E8980EAF-6E96-4A24-890B-D72D67AA60ED}.Release|Mixed Platforms.Build.0 = Release|Any CPU
		{E8980EAF-6E96-4A24-890B-D72D67AA60ED}.Release|x86.ActiveCfg = Release|Any CPU
		{2AA8F02D-2B2A-4032-B81D-2ECA9E3CEDA8}.Debug MONO_DEV|Any CPU.ActiveCfg = Debug|Any CPU
		{2AA8F02D-2B2A-4032-B81D-2ECA9E3CEDA8}.Debug MONO_DEV|Any CPU.Build.0 = Debug|Any CPU
		{2AA8F02D-2B2A-4032-B81D-2ECA9E3CEDA8}.Debug MONO_DEV|Mixed Platforms.ActiveCfg = Debug|Any CPU
		{2AA8F02D-2B2A-4032-B81D-2ECA9E3CEDA8}.Debug MONO_DEV|Mixed Platforms.Build.0 = Debug|Any CPU
		{2AA8F02D-2B2A-4032-B81D-2ECA9E3CEDA8}.Debug MONO_DEV|x86.ActiveCfg = Debug|Any CPU
		{2AA8F02D-2B2A-4032-B81D-2ECA9E3CEDA8}.Debug Mono|Any CPU.ActiveCfg = Debug|Any CPU
		{2AA8F02D-2B2A-4032-B81D-2ECA9E3CEDA8}.Debug Mono|Any CPU.Build.0 = Debug|Any CPU
		{2AA8F02D-2B2A-4032-B81D-2ECA9E3CEDA8}.Debug Mono|Mixed Platforms.ActiveCfg = Debug|Any CPU
		{2AA8F02D-2B2A-4032-B81D-2ECA9E3CEDA8}.Debug Mono|Mixed Platforms.Build.0 = Debug|Any CPU
		{2AA8F02D-2B2A-4032-B81D-2ECA9E3CEDA8}.Debug Mono|x86.ActiveCfg = Debug|Any CPU
		{2AA8F02D-2B2A-4032-B81D-2ECA9E3CEDA8}.Debug|Any CPU.ActiveCfg = Debug|Any CPU
		{2AA8F02D-2B2A-4032-B81D-2ECA9E3CEDA8}.Debug|Any CPU.Build.0 = Debug|Any CPU
		{2AA8F02D-2B2A-4032-B81D-2ECA9E3CEDA8}.Debug|Mixed Platforms.ActiveCfg = Debug|Any CPU
		{2AA8F02D-2B2A-4032-B81D-2ECA9E3CEDA8}.Debug|Mixed Platforms.Build.0 = Debug|Any CPU
		{2AA8F02D-2B2A-4032-B81D-2ECA9E3CEDA8}.Debug|x86.ActiveCfg = Debug|Any CPU
		{2AA8F02D-2B2A-4032-B81D-2ECA9E3CEDA8}.Deploy|Any CPU.ActiveCfg = Deploy|Any CPU
		{2AA8F02D-2B2A-4032-B81D-2ECA9E3CEDA8}.Deploy|Mixed Platforms.ActiveCfg = Deploy|Any CPU
		{2AA8F02D-2B2A-4032-B81D-2ECA9E3CEDA8}.Deploy|Mixed Platforms.Build.0 = Deploy|Any CPU
		{2AA8F02D-2B2A-4032-B81D-2ECA9E3CEDA8}.Deploy|x86.ActiveCfg = Deploy|Any CPU
		{2AA8F02D-2B2A-4032-B81D-2ECA9E3CEDA8}.Release Mono|Any CPU.ActiveCfg = Release|Any CPU
		{2AA8F02D-2B2A-4032-B81D-2ECA9E3CEDA8}.Release Mono|Any CPU.Build.0 = Release|Any CPU
		{2AA8F02D-2B2A-4032-B81D-2ECA9E3CEDA8}.Release Mono|Mixed Platforms.ActiveCfg = Release|Any CPU
		{2AA8F02D-2B2A-4032-B81D-2ECA9E3CEDA8}.Release Mono|Mixed Platforms.Build.0 = Release|Any CPU
		{2AA8F02D-2B2A-4032-B81D-2ECA9E3CEDA8}.Release Mono|x86.ActiveCfg = Release|Any CPU
		{2AA8F02D-2B2A-4032-B81D-2ECA9E3CEDA8}.Release|Any CPU.ActiveCfg = Release|Any CPU
		{2AA8F02D-2B2A-4032-B81D-2ECA9E3CEDA8}.Release|Any CPU.Build.0 = Release|Any CPU
		{2AA8F02D-2B2A-4032-B81D-2ECA9E3CEDA8}.Release|Mixed Platforms.ActiveCfg = Release|Any CPU
		{2AA8F02D-2B2A-4032-B81D-2ECA9E3CEDA8}.Release|Mixed Platforms.Build.0 = Release|Any CPU
		{2AA8F02D-2B2A-4032-B81D-2ECA9E3CEDA8}.Release|x86.ActiveCfg = Release|Any CPU
		{79C2DC13-8416-4458-A986-E6A2EB5EAEDB}.Debug MONO_DEV|Any CPU.ActiveCfg = Debug|Any CPU
		{79C2DC13-8416-4458-A986-E6A2EB5EAEDB}.Debug MONO_DEV|Any CPU.Build.0 = Debug|Any CPU
		{79C2DC13-8416-4458-A986-E6A2EB5EAEDB}.Debug MONO_DEV|Mixed Platforms.ActiveCfg = Debug|Any CPU
		{79C2DC13-8416-4458-A986-E6A2EB5EAEDB}.Debug MONO_DEV|Mixed Platforms.Build.0 = Debug|Any CPU
		{79C2DC13-8416-4458-A986-E6A2EB5EAEDB}.Debug MONO_DEV|x86.ActiveCfg = Debug|Any CPU
		{79C2DC13-8416-4458-A986-E6A2EB5EAEDB}.Debug Mono|Any CPU.ActiveCfg = Debug|Any CPU
		{79C2DC13-8416-4458-A986-E6A2EB5EAEDB}.Debug Mono|Any CPU.Build.0 = Debug|Any CPU
		{79C2DC13-8416-4458-A986-E6A2EB5EAEDB}.Debug Mono|Mixed Platforms.ActiveCfg = Debug|Any CPU
		{79C2DC13-8416-4458-A986-E6A2EB5EAEDB}.Debug Mono|Mixed Platforms.Build.0 = Debug|Any CPU
		{79C2DC13-8416-4458-A986-E6A2EB5EAEDB}.Debug Mono|x86.ActiveCfg = Debug|Any CPU
		{79C2DC13-8416-4458-A986-E6A2EB5EAEDB}.Debug|Any CPU.ActiveCfg = Debug|Any CPU
		{79C2DC13-8416-4458-A986-E6A2EB5EAEDB}.Debug|Any CPU.Build.0 = Debug|Any CPU
		{79C2DC13-8416-4458-A986-E6A2EB5EAEDB}.Debug|Mixed Platforms.ActiveCfg = Debug|Any CPU
		{79C2DC13-8416-4458-A986-E6A2EB5EAEDB}.Debug|Mixed Platforms.Build.0 = Debug|Any CPU
		{79C2DC13-8416-4458-A986-E6A2EB5EAEDB}.Debug|x86.ActiveCfg = Debug|Any CPU
		{79C2DC13-8416-4458-A986-E6A2EB5EAEDB}.Deploy|Any CPU.ActiveCfg = Deploy|Any CPU
		{79C2DC13-8416-4458-A986-E6A2EB5EAEDB}.Deploy|Any CPU.Build.0 = Deploy|Any CPU
		{79C2DC13-8416-4458-A986-E6A2EB5EAEDB}.Deploy|Mixed Platforms.ActiveCfg = Deploy|Any CPU
		{79C2DC13-8416-4458-A986-E6A2EB5EAEDB}.Deploy|Mixed Platforms.Build.0 = Deploy|Any CPU
		{79C2DC13-8416-4458-A986-E6A2EB5EAEDB}.Deploy|x86.ActiveCfg = Deploy|Any CPU
		{79C2DC13-8416-4458-A986-E6A2EB5EAEDB}.Release Mono|Any CPU.ActiveCfg = Release|Any CPU
		{79C2DC13-8416-4458-A986-E6A2EB5EAEDB}.Release Mono|Any CPU.Build.0 = Release|Any CPU
		{79C2DC13-8416-4458-A986-E6A2EB5EAEDB}.Release Mono|Mixed Platforms.ActiveCfg = Release|Any CPU
		{79C2DC13-8416-4458-A986-E6A2EB5EAEDB}.Release Mono|Mixed Platforms.Build.0 = Release|Any CPU
		{79C2DC13-8416-4458-A986-E6A2EB5EAEDB}.Release Mono|x86.ActiveCfg = Release|Any CPU
		{79C2DC13-8416-4458-A986-E6A2EB5EAEDB}.Release|Any CPU.ActiveCfg = Release|Any CPU
		{79C2DC13-8416-4458-A986-E6A2EB5EAEDB}.Release|Any CPU.Build.0 = Release|Any CPU
		{79C2DC13-8416-4458-A986-E6A2EB5EAEDB}.Release|Mixed Platforms.ActiveCfg = Release|Any CPU
		{79C2DC13-8416-4458-A986-E6A2EB5EAEDB}.Release|Mixed Platforms.Build.0 = Release|Any CPU
		{79C2DC13-8416-4458-A986-E6A2EB5EAEDB}.Release|x86.ActiveCfg = Release|Any CPU
		{94A3E4E6-2EB7-4715-8A11-D8CF119D7458}.Debug MONO_DEV|Any CPU.ActiveCfg = Debug MONO_DEV|Any CPU
		{94A3E4E6-2EB7-4715-8A11-D8CF119D7458}.Debug MONO_DEV|Any CPU.Build.0 = Debug MONO_DEV|Any CPU
		{94A3E4E6-2EB7-4715-8A11-D8CF119D7458}.Debug MONO_DEV|Mixed Platforms.ActiveCfg = Debug MONO_DEV|Any CPU
		{94A3E4E6-2EB7-4715-8A11-D8CF119D7458}.Debug MONO_DEV|Mixed Platforms.Build.0 = Debug MONO_DEV|Any CPU
		{94A3E4E6-2EB7-4715-8A11-D8CF119D7458}.Debug MONO_DEV|x86.ActiveCfg = Debug MONO_DEV|Any CPU
		{94A3E4E6-2EB7-4715-8A11-D8CF119D7458}.Debug Mono|Any CPU.ActiveCfg = Debug Mono|Any CPU
		{94A3E4E6-2EB7-4715-8A11-D8CF119D7458}.Debug Mono|Any CPU.Build.0 = Debug Mono|Any CPU
		{94A3E4E6-2EB7-4715-8A11-D8CF119D7458}.Debug Mono|Mixed Platforms.ActiveCfg = Debug Mono|Any CPU
		{94A3E4E6-2EB7-4715-8A11-D8CF119D7458}.Debug Mono|Mixed Platforms.Build.0 = Debug Mono|Any CPU
		{94A3E4E6-2EB7-4715-8A11-D8CF119D7458}.Debug Mono|x86.ActiveCfg = Debug Mono|Any CPU
		{94A3E4E6-2EB7-4715-8A11-D8CF119D7458}.Debug|Any CPU.ActiveCfg = Debug|Any CPU
		{94A3E4E6-2EB7-4715-8A11-D8CF119D7458}.Debug|Any CPU.Build.0 = Debug|Any CPU
		{94A3E4E6-2EB7-4715-8A11-D8CF119D7458}.Debug|Mixed Platforms.ActiveCfg = Debug|Any CPU
		{94A3E4E6-2EB7-4715-8A11-D8CF119D7458}.Debug|Mixed Platforms.Build.0 = Debug|Any CPU
		{94A3E4E6-2EB7-4715-8A11-D8CF119D7458}.Debug|x86.ActiveCfg = Debug|Any CPU
		{94A3E4E6-2EB7-4715-8A11-D8CF119D7458}.Deploy|Any CPU.ActiveCfg = Deploy|Any CPU
		{94A3E4E6-2EB7-4715-8A11-D8CF119D7458}.Deploy|Any CPU.Build.0 = Deploy|Any CPU
		{94A3E4E6-2EB7-4715-8A11-D8CF119D7458}.Deploy|Mixed Platforms.ActiveCfg = Deploy|Any CPU
		{94A3E4E6-2EB7-4715-8A11-D8CF119D7458}.Deploy|Mixed Platforms.Build.0 = Deploy|Any CPU
		{94A3E4E6-2EB7-4715-8A11-D8CF119D7458}.Deploy|x86.ActiveCfg = Deploy|Any CPU
		{94A3E4E6-2EB7-4715-8A11-D8CF119D7458}.Release Mono|Any CPU.ActiveCfg = Release Mono|Any CPU
		{94A3E4E6-2EB7-4715-8A11-D8CF119D7458}.Release Mono|Any CPU.Build.0 = Release Mono|Any CPU
		{94A3E4E6-2EB7-4715-8A11-D8CF119D7458}.Release Mono|Mixed Platforms.ActiveCfg = Release Mono|Any CPU
		{94A3E4E6-2EB7-4715-8A11-D8CF119D7458}.Release Mono|Mixed Platforms.Build.0 = Release Mono|Any CPU
		{94A3E4E6-2EB7-4715-8A11-D8CF119D7458}.Release Mono|x86.ActiveCfg = Release Mono|Any CPU
		{94A3E4E6-2EB7-4715-8A11-D8CF119D7458}.Release|Any CPU.ActiveCfg = Release|Any CPU
		{94A3E4E6-2EB7-4715-8A11-D8CF119D7458}.Release|Any CPU.Build.0 = Release|Any CPU
		{94A3E4E6-2EB7-4715-8A11-D8CF119D7458}.Release|Mixed Platforms.ActiveCfg = Release|Any CPU
		{94A3E4E6-2EB7-4715-8A11-D8CF119D7458}.Release|Mixed Platforms.Build.0 = Release|Any CPU
		{94A3E4E6-2EB7-4715-8A11-D8CF119D7458}.Release|x86.ActiveCfg = Release|Any CPU
		{59713B02-C291-4FBF-90BC-7C3730CEE702}.Debug MONO_DEV|Any CPU.ActiveCfg = Debug|x86
		{59713B02-C291-4FBF-90BC-7C3730CEE702}.Debug MONO_DEV|Mixed Platforms.ActiveCfg = Debug|x86
		{59713B02-C291-4FBF-90BC-7C3730CEE702}.Debug MONO_DEV|Mixed Platforms.Build.0 = Debug|x86
		{59713B02-C291-4FBF-90BC-7C3730CEE702}.Debug MONO_DEV|x86.ActiveCfg = Debug|x86
		{59713B02-C291-4FBF-90BC-7C3730CEE702}.Debug MONO_DEV|x86.Build.0 = Debug|x86
		{59713B02-C291-4FBF-90BC-7C3730CEE702}.Debug Mono|Any CPU.ActiveCfg = Debug|x86
		{59713B02-C291-4FBF-90BC-7C3730CEE702}.Debug Mono|Mixed Platforms.ActiveCfg = Debug|x86
		{59713B02-C291-4FBF-90BC-7C3730CEE702}.Debug Mono|Mixed Platforms.Build.0 = Debug|x86
		{59713B02-C291-4FBF-90BC-7C3730CEE702}.Debug Mono|x86.ActiveCfg = Debug|x86
		{59713B02-C291-4FBF-90BC-7C3730CEE702}.Debug Mono|x86.Build.0 = Debug|x86
		{59713B02-C291-4FBF-90BC-7C3730CEE702}.Debug|Any CPU.ActiveCfg = Debug|x86
		{59713B02-C291-4FBF-90BC-7C3730CEE702}.Debug|Mixed Platforms.ActiveCfg = Debug|x86
		{59713B02-C291-4FBF-90BC-7C3730CEE702}.Debug|Mixed Platforms.Build.0 = Debug|x86
		{59713B02-C291-4FBF-90BC-7C3730CEE702}.Debug|x86.ActiveCfg = Debug|x86
		{59713B02-C291-4FBF-90BC-7C3730CEE702}.Debug|x86.Build.0 = Debug|x86
		{59713B02-C291-4FBF-90BC-7C3730CEE702}.Deploy|Any CPU.ActiveCfg = Deploy|x86
		{59713B02-C291-4FBF-90BC-7C3730CEE702}.Deploy|Any CPU.Build.0 = Deploy|x86
		{59713B02-C291-4FBF-90BC-7C3730CEE702}.Deploy|Mixed Platforms.ActiveCfg = Deploy|x86
		{59713B02-C291-4FBF-90BC-7C3730CEE702}.Deploy|Mixed Platforms.Build.0 = Deploy|x86
		{59713B02-C291-4FBF-90BC-7C3730CEE702}.Deploy|x86.ActiveCfg = Deploy|x86
		{59713B02-C291-4FBF-90BC-7C3730CEE702}.Deploy|x86.Build.0 = Deploy|x86
		{59713B02-C291-4FBF-90BC-7C3730CEE702}.Release Mono|Any CPU.ActiveCfg = Release|x86
		{59713B02-C291-4FBF-90BC-7C3730CEE702}.Release Mono|Mixed Platforms.ActiveCfg = Release|x86
		{59713B02-C291-4FBF-90BC-7C3730CEE702}.Release Mono|Mixed Platforms.Build.0 = Release|x86
		{59713B02-C291-4FBF-90BC-7C3730CEE702}.Release Mono|x86.ActiveCfg = Release|x86
		{59713B02-C291-4FBF-90BC-7C3730CEE702}.Release Mono|x86.Build.0 = Release|x86
		{59713B02-C291-4FBF-90BC-7C3730CEE702}.Release|Any CPU.ActiveCfg = Release|x86
		{59713B02-C291-4FBF-90BC-7C3730CEE702}.Release|Mixed Platforms.ActiveCfg = Release|x86
		{59713B02-C291-4FBF-90BC-7C3730CEE702}.Release|Mixed Platforms.Build.0 = Release|x86
		{59713B02-C291-4FBF-90BC-7C3730CEE702}.Release|x86.ActiveCfg = Release|x86
		{59713B02-C291-4FBF-90BC-7C3730CEE702}.Release|x86.Build.0 = Release|x86
		{2617B9A1-0DB0-40FB-B3EA-009578ACDE3A}.Debug MONO_DEV|Any CPU.ActiveCfg = Debug|Any CPU
		{2617B9A1-0DB0-40FB-B3EA-009578ACDE3A}.Debug MONO_DEV|Any CPU.Build.0 = Debug|Any CPU
		{2617B9A1-0DB0-40FB-B3EA-009578ACDE3A}.Debug MONO_DEV|Mixed Platforms.ActiveCfg = Debug|Any CPU
		{2617B9A1-0DB0-40FB-B3EA-009578ACDE3A}.Debug MONO_DEV|Mixed Platforms.Build.0 = Debug|Any CPU
		{2617B9A1-0DB0-40FB-B3EA-009578ACDE3A}.Debug MONO_DEV|x86.ActiveCfg = Debug|Any CPU
		{2617B9A1-0DB0-40FB-B3EA-009578ACDE3A}.Debug Mono|Any CPU.ActiveCfg = Debug|Any CPU
		{2617B9A1-0DB0-40FB-B3EA-009578ACDE3A}.Debug Mono|Any CPU.Build.0 = Debug|Any CPU
		{2617B9A1-0DB0-40FB-B3EA-009578ACDE3A}.Debug Mono|Mixed Platforms.ActiveCfg = Debug|Any CPU
		{2617B9A1-0DB0-40FB-B3EA-009578ACDE3A}.Debug Mono|Mixed Platforms.Build.0 = Debug|Any CPU
		{2617B9A1-0DB0-40FB-B3EA-009578ACDE3A}.Debug Mono|x86.ActiveCfg = Debug|Any CPU
		{2617B9A1-0DB0-40FB-B3EA-009578ACDE3A}.Debug|Any CPU.ActiveCfg = Debug|Any CPU
		{2617B9A1-0DB0-40FB-B3EA-009578ACDE3A}.Debug|Any CPU.Build.0 = Debug|Any CPU
		{2617B9A1-0DB0-40FB-B3EA-009578ACDE3A}.Debug|Mixed Platforms.ActiveCfg = Debug|Any CPU
		{2617B9A1-0DB0-40FB-B3EA-009578ACDE3A}.Debug|Mixed Platforms.Build.0 = Debug|Any CPU
		{2617B9A1-0DB0-40FB-B3EA-009578ACDE3A}.Debug|x86.ActiveCfg = Debug|Any CPU
		{2617B9A1-0DB0-40FB-B3EA-009578ACDE3A}.Deploy|Any CPU.ActiveCfg = Deploy|Any CPU
		{2617B9A1-0DB0-40FB-B3EA-009578ACDE3A}.Deploy|Any CPU.Build.0 = Deploy|Any CPU
		{2617B9A1-0DB0-40FB-B3EA-009578ACDE3A}.Deploy|Mixed Platforms.ActiveCfg = Deploy|Any CPU
		{2617B9A1-0DB0-40FB-B3EA-009578ACDE3A}.Deploy|Mixed Platforms.Build.0 = Deploy|Any CPU
		{2617B9A1-0DB0-40FB-B3EA-009578ACDE3A}.Deploy|x86.ActiveCfg = Deploy|Any CPU
		{2617B9A1-0DB0-40FB-B3EA-009578ACDE3A}.Release Mono|Any CPU.ActiveCfg = Release|Any CPU
		{2617B9A1-0DB0-40FB-B3EA-009578ACDE3A}.Release Mono|Any CPU.Build.0 = Release|Any CPU
		{2617B9A1-0DB0-40FB-B3EA-009578ACDE3A}.Release Mono|Mixed Platforms.ActiveCfg = Release|Any CPU
		{2617B9A1-0DB0-40FB-B3EA-009578ACDE3A}.Release Mono|Mixed Platforms.Build.0 = Release|Any CPU
		{2617B9A1-0DB0-40FB-B3EA-009578ACDE3A}.Release Mono|x86.ActiveCfg = Release|Any CPU
		{2617B9A1-0DB0-40FB-B3EA-009578ACDE3A}.Release|Any CPU.ActiveCfg = Release|Any CPU
		{2617B9A1-0DB0-40FB-B3EA-009578ACDE3A}.Release|Any CPU.Build.0 = Release|Any CPU
		{2617B9A1-0DB0-40FB-B3EA-009578ACDE3A}.Release|Mixed Platforms.ActiveCfg = Release|Any CPU
		{2617B9A1-0DB0-40FB-B3EA-009578ACDE3A}.Release|Mixed Platforms.Build.0 = Release|Any CPU
		{2617B9A1-0DB0-40FB-B3EA-009578ACDE3A}.Release|x86.ActiveCfg = Release|Any CPU
		{6DE5E419-2043-4506-BACE-DEAEB9248776}.Debug MONO_DEV|Any CPU.ActiveCfg = Debug|Any CPU
		{6DE5E419-2043-4506-BACE-DEAEB9248776}.Debug MONO_DEV|Any CPU.Build.0 = Debug|Any CPU
		{6DE5E419-2043-4506-BACE-DEAEB9248776}.Debug MONO_DEV|Mixed Platforms.ActiveCfg = Debug|Any CPU
		{6DE5E419-2043-4506-BACE-DEAEB9248776}.Debug MONO_DEV|Mixed Platforms.Build.0 = Debug|Any CPU
		{6DE5E419-2043-4506-BACE-DEAEB9248776}.Debug MONO_DEV|x86.ActiveCfg = Debug|Any CPU
		{6DE5E419-2043-4506-BACE-DEAEB9248776}.Debug Mono|Any CPU.ActiveCfg = Debug|Any CPU
		{6DE5E419-2043-4506-BACE-DEAEB9248776}.Debug Mono|Any CPU.Build.0 = Debug|Any CPU
		{6DE5E419-2043-4506-BACE-DEAEB9248776}.Debug Mono|Mixed Platforms.ActiveCfg = Debug|Any CPU
		{6DE5E419-2043-4506-BACE-DEAEB9248776}.Debug Mono|Mixed Platforms.Build.0 = Debug|Any CPU
		{6DE5E419-2043-4506-BACE-DEAEB9248776}.Debug Mono|x86.ActiveCfg = Debug|Any CPU
		{6DE5E419-2043-4506-BACE-DEAEB9248776}.Debug|Any CPU.ActiveCfg = Debug|Any CPU
		{6DE5E419-2043-4506-BACE-DEAEB9248776}.Debug|Any CPU.Build.0 = Debug|Any CPU
		{6DE5E419-2043-4506-BACE-DEAEB9248776}.Debug|Mixed Platforms.ActiveCfg = Debug|Any CPU
		{6DE5E419-2043-4506-BACE-DEAEB9248776}.Debug|Mixed Platforms.Build.0 = Debug|Any CPU
		{6DE5E419-2043-4506-BACE-DEAEB9248776}.Debug|x86.ActiveCfg = Debug|Any CPU
		{6DE5E419-2043-4506-BACE-DEAEB9248776}.Deploy|Any CPU.ActiveCfg = Debug|Any CPU
		{6DE5E419-2043-4506-BACE-DEAEB9248776}.Deploy|Mixed Platforms.ActiveCfg = Debug|Any CPU
		{6DE5E419-2043-4506-BACE-DEAEB9248776}.Deploy|Mixed Platforms.Build.0 = Debug|Any CPU
		{6DE5E419-2043-4506-BACE-DEAEB9248776}.Deploy|x86.ActiveCfg = Debug|Any CPU
		{6DE5E419-2043-4506-BACE-DEAEB9248776}.Release Mono|Any CPU.ActiveCfg = Release|Any CPU
		{6DE5E419-2043-4506-BACE-DEAEB9248776}.Release Mono|Any CPU.Build.0 = Release|Any CPU
		{6DE5E419-2043-4506-BACE-DEAEB9248776}.Release Mono|Mixed Platforms.ActiveCfg = Release|Any CPU
		{6DE5E419-2043-4506-BACE-DEAEB9248776}.Release Mono|Mixed Platforms.Build.0 = Release|Any CPU
		{6DE5E419-2043-4506-BACE-DEAEB9248776}.Release Mono|x86.ActiveCfg = Release|Any CPU
		{6DE5E419-2043-4506-BACE-DEAEB9248776}.Release|Any CPU.ActiveCfg = Release|Any CPU
		{6DE5E419-2043-4506-BACE-DEAEB9248776}.Release|Any CPU.Build.0 = Release|Any CPU
		{6DE5E419-2043-4506-BACE-DEAEB9248776}.Release|Mixed Platforms.ActiveCfg = Release|Any CPU
		{6DE5E419-2043-4506-BACE-DEAEB9248776}.Release|Mixed Platforms.Build.0 = Release|Any CPU
		{6DE5E419-2043-4506-BACE-DEAEB9248776}.Release|x86.ActiveCfg = Release|Any CPU
		{24F89B25-7534-4599-9296-967BC2575FD5}.Debug MONO_DEV|Any CPU.ActiveCfg = Debug|Any CPU
		{24F89B25-7534-4599-9296-967BC2575FD5}.Debug MONO_DEV|Any CPU.Build.0 = Debug|Any CPU
		{24F89B25-7534-4599-9296-967BC2575FD5}.Debug MONO_DEV|Mixed Platforms.ActiveCfg = Debug|Any CPU
		{24F89B25-7534-4599-9296-967BC2575FD5}.Debug MONO_DEV|Mixed Platforms.Build.0 = Debug|Any CPU
		{24F89B25-7534-4599-9296-967BC2575FD5}.Debug MONO_DEV|x86.ActiveCfg = Debug|Any CPU
		{24F89B25-7534-4599-9296-967BC2575FD5}.Debug Mono|Any CPU.ActiveCfg = Debug|Any CPU
		{24F89B25-7534-4599-9296-967BC2575FD5}.Debug Mono|Any CPU.Build.0 = Debug|Any CPU
		{24F89B25-7534-4599-9296-967BC2575FD5}.Debug Mono|Mixed Platforms.ActiveCfg = Debug|Any CPU
		{24F89B25-7534-4599-9296-967BC2575FD5}.Debug Mono|Mixed Platforms.Build.0 = Debug|Any CPU
		{24F89B25-7534-4599-9296-967BC2575FD5}.Debug Mono|x86.ActiveCfg = Debug|Any CPU
		{24F89B25-7534-4599-9296-967BC2575FD5}.Debug|Any CPU.ActiveCfg = Debug|Any CPU
		{24F89B25-7534-4599-9296-967BC2575FD5}.Debug|Any CPU.Build.0 = Debug|Any CPU
		{24F89B25-7534-4599-9296-967BC2575FD5}.Debug|Mixed Platforms.ActiveCfg = Debug|Any CPU
		{24F89B25-7534-4599-9296-967BC2575FD5}.Debug|Mixed Platforms.Build.0 = Debug|Any CPU
		{24F89B25-7534-4599-9296-967BC2575FD5}.Debug|x86.ActiveCfg = Debug|Any CPU
		{24F89B25-7534-4599-9296-967BC2575FD5}.Deploy|Any CPU.ActiveCfg = Deploy|Any CPU
		{24F89B25-7534-4599-9296-967BC2575FD5}.Deploy|Any CPU.Build.0 = Deploy|Any CPU
		{24F89B25-7534-4599-9296-967BC2575FD5}.Deploy|Mixed Platforms.ActiveCfg = Deploy|Any CPU
		{24F89B25-7534-4599-9296-967BC2575FD5}.Deploy|Mixed Platforms.Build.0 = Deploy|Any CPU
		{24F89B25-7534-4599-9296-967BC2575FD5}.Deploy|x86.ActiveCfg = Deploy|Any CPU
		{24F89B25-7534-4599-9296-967BC2575FD5}.Release Mono|Any CPU.ActiveCfg = Release|Any CPU
		{24F89B25-7534-4599-9296-967BC2575FD5}.Release Mono|Any CPU.Build.0 = Release|Any CPU
		{24F89B25-7534-4599-9296-967BC2575FD5}.Release Mono|Mixed Platforms.ActiveCfg = Release|Any CPU
		{24F89B25-7534-4599-9296-967BC2575FD5}.Release Mono|Mixed Platforms.Build.0 = Release|Any CPU
		{24F89B25-7534-4599-9296-967BC2575FD5}.Release Mono|x86.ActiveCfg = Release|Any CPU
		{24F89B25-7534-4599-9296-967BC2575FD5}.Release|Any CPU.ActiveCfg = Release|Any CPU
		{24F89B25-7534-4599-9296-967BC2575FD5}.Release|Any CPU.Build.0 = Release|Any CPU
		{24F89B25-7534-4599-9296-967BC2575FD5}.Release|Mixed Platforms.ActiveCfg = Release|Any CPU
		{24F89B25-7534-4599-9296-967BC2575FD5}.Release|Mixed Platforms.Build.0 = Release|Any CPU
		{24F89B25-7534-4599-9296-967BC2575FD5}.Release|x86.ActiveCfg = Release|Any CPU
		{23CFB202-288D-4574-AA4E-D8FBA7BC9A5C}.Debug MONO_DEV|Any CPU.ActiveCfg = Debug|x86
		{23CFB202-288D-4574-AA4E-D8FBA7BC9A5C}.Debug MONO_DEV|Mixed Platforms.ActiveCfg = Debug|x86
		{23CFB202-288D-4574-AA4E-D8FBA7BC9A5C}.Debug MONO_DEV|Mixed Platforms.Build.0 = Debug|x86
		{23CFB202-288D-4574-AA4E-D8FBA7BC9A5C}.Debug MONO_DEV|x86.ActiveCfg = Debug|x86
		{23CFB202-288D-4574-AA4E-D8FBA7BC9A5C}.Debug MONO_DEV|x86.Build.0 = Debug|x86
		{23CFB202-288D-4574-AA4E-D8FBA7BC9A5C}.Debug Mono|Any CPU.ActiveCfg = Debug|x86
		{23CFB202-288D-4574-AA4E-D8FBA7BC9A5C}.Debug Mono|Mixed Platforms.ActiveCfg = Debug|x86
		{23CFB202-288D-4574-AA4E-D8FBA7BC9A5C}.Debug Mono|Mixed Platforms.Build.0 = Debug|x86
		{23CFB202-288D-4574-AA4E-D8FBA7BC9A5C}.Debug Mono|x86.ActiveCfg = Debug|x86
		{23CFB202-288D-4574-AA4E-D8FBA7BC9A5C}.Debug Mono|x86.Build.0 = Debug|x86
		{23CFB202-288D-4574-AA4E-D8FBA7BC9A5C}.Debug|Any CPU.ActiveCfg = Debug|x86
		{23CFB202-288D-4574-AA4E-D8FBA7BC9A5C}.Debug|Mixed Platforms.ActiveCfg = Debug|x86
		{23CFB202-288D-4574-AA4E-D8FBA7BC9A5C}.Debug|Mixed Platforms.Build.0 = Debug|x86
		{23CFB202-288D-4574-AA4E-D8FBA7BC9A5C}.Debug|x86.ActiveCfg = Debug|x86
		{23CFB202-288D-4574-AA4E-D8FBA7BC9A5C}.Debug|x86.Build.0 = Debug|x86
		{23CFB202-288D-4574-AA4E-D8FBA7BC9A5C}.Deploy|Any CPU.ActiveCfg = Debug|x86
		{23CFB202-288D-4574-AA4E-D8FBA7BC9A5C}.Deploy|Mixed Platforms.ActiveCfg = Release|x86
		{23CFB202-288D-4574-AA4E-D8FBA7BC9A5C}.Deploy|Mixed Platforms.Build.0 = Release|x86
		{23CFB202-288D-4574-AA4E-D8FBA7BC9A5C}.Deploy|x86.ActiveCfg = Debug|x86
		{23CFB202-288D-4574-AA4E-D8FBA7BC9A5C}.Deploy|x86.Build.0 = Debug|x86
		{23CFB202-288D-4574-AA4E-D8FBA7BC9A5C}.Release Mono|Any CPU.ActiveCfg = Release|x86
		{23CFB202-288D-4574-AA4E-D8FBA7BC9A5C}.Release Mono|Mixed Platforms.ActiveCfg = Release|x86
		{23CFB202-288D-4574-AA4E-D8FBA7BC9A5C}.Release Mono|Mixed Platforms.Build.0 = Release|x86
		{23CFB202-288D-4574-AA4E-D8FBA7BC9A5C}.Release Mono|x86.ActiveCfg = Release|x86
		{23CFB202-288D-4574-AA4E-D8FBA7BC9A5C}.Release Mono|x86.Build.0 = Release|x86
		{23CFB202-288D-4574-AA4E-D8FBA7BC9A5C}.Release|Any CPU.ActiveCfg = Release|x86
		{23CFB202-288D-4574-AA4E-D8FBA7BC9A5C}.Release|Mixed Platforms.ActiveCfg = Release|x86
		{23CFB202-288D-4574-AA4E-D8FBA7BC9A5C}.Release|Mixed Platforms.Build.0 = Release|x86
		{23CFB202-288D-4574-AA4E-D8FBA7BC9A5C}.Release|x86.ActiveCfg = Release|x86
		{23CFB202-288D-4574-AA4E-D8FBA7BC9A5C}.Release|x86.Build.0 = Release|x86
		{82BFB2F7-8C98-4374-AFC1-CC22E1861DED}.Debug MONO_DEV|Any CPU.ActiveCfg = Debug MONO_DEV|Any CPU
		{82BFB2F7-8C98-4374-AFC1-CC22E1861DED}.Debug MONO_DEV|Any CPU.Build.0 = Debug MONO_DEV|Any CPU
		{82BFB2F7-8C98-4374-AFC1-CC22E1861DED}.Debug MONO_DEV|Mixed Platforms.ActiveCfg = Debug MONO_DEV|Any CPU
		{82BFB2F7-8C98-4374-AFC1-CC22E1861DED}.Debug MONO_DEV|Mixed Platforms.Build.0 = Debug MONO_DEV|Any CPU
		{82BFB2F7-8C98-4374-AFC1-CC22E1861DED}.Debug MONO_DEV|x86.ActiveCfg = Debug MONO_DEV|Any CPU
		{82BFB2F7-8C98-4374-AFC1-CC22E1861DED}.Debug Mono|Any CPU.ActiveCfg = Debug Mono|Any CPU
		{82BFB2F7-8C98-4374-AFC1-CC22E1861DED}.Debug Mono|Any CPU.Build.0 = Debug Mono|Any CPU
		{82BFB2F7-8C98-4374-AFC1-CC22E1861DED}.Debug Mono|Mixed Platforms.ActiveCfg = Debug Mono|Any CPU
		{82BFB2F7-8C98-4374-AFC1-CC22E1861DED}.Debug Mono|Mixed Platforms.Build.0 = Debug Mono|Any CPU
		{82BFB2F7-8C98-4374-AFC1-CC22E1861DED}.Debug Mono|x86.ActiveCfg = Debug Mono|Any CPU
		{82BFB2F7-8C98-4374-AFC1-CC22E1861DED}.Debug|Any CPU.ActiveCfg = Debug|Any CPU
		{82BFB2F7-8C98-4374-AFC1-CC22E1861DED}.Debug|Any CPU.Build.0 = Debug|Any CPU
		{82BFB2F7-8C98-4374-AFC1-CC22E1861DED}.Debug|Mixed Platforms.ActiveCfg = Debug|Any CPU
		{82BFB2F7-8C98-4374-AFC1-CC22E1861DED}.Debug|Mixed Platforms.Build.0 = Debug|Any CPU
		{82BFB2F7-8C98-4374-AFC1-CC22E1861DED}.Debug|x86.ActiveCfg = Debug|Any CPU
		{82BFB2F7-8C98-4374-AFC1-CC22E1861DED}.Deploy|Any CPU.ActiveCfg = Debug MONO_DEV|Any CPU
		{82BFB2F7-8C98-4374-AFC1-CC22E1861DED}.Deploy|Any CPU.Build.0 = Debug MONO_DEV|Any CPU
		{82BFB2F7-8C98-4374-AFC1-CC22E1861DED}.Deploy|Mixed Platforms.ActiveCfg = Deploy|Any CPU
		{82BFB2F7-8C98-4374-AFC1-CC22E1861DED}.Deploy|Mixed Platforms.Build.0 = Deploy|Any CPU
		{82BFB2F7-8C98-4374-AFC1-CC22E1861DED}.Deploy|x86.ActiveCfg = Debug MONO_DEV|Any CPU
		{82BFB2F7-8C98-4374-AFC1-CC22E1861DED}.Release Mono|Any CPU.ActiveCfg = Release Mono|Any CPU
		{82BFB2F7-8C98-4374-AFC1-CC22E1861DED}.Release Mono|Any CPU.Build.0 = Release Mono|Any CPU
		{82BFB2F7-8C98-4374-AFC1-CC22E1861DED}.Release Mono|Mixed Platforms.ActiveCfg = Release Mono|Any CPU
		{82BFB2F7-8C98-4374-AFC1-CC22E1861DED}.Release Mono|Mixed Platforms.Build.0 = Release Mono|Any CPU
		{82BFB2F7-8C98-4374-AFC1-CC22E1861DED}.Release Mono|x86.ActiveCfg = Release Mono|Any CPU
		{82BFB2F7-8C98-4374-AFC1-CC22E1861DED}.Release|Any CPU.ActiveCfg = Release|Any CPU
		{82BFB2F7-8C98-4374-AFC1-CC22E1861DED}.Release|Any CPU.Build.0 = Release|Any CPU
		{82BFB2F7-8C98-4374-AFC1-CC22E1861DED}.Release|Mixed Platforms.ActiveCfg = Release|Any CPU
		{82BFB2F7-8C98-4374-AFC1-CC22E1861DED}.Release|Mixed Platforms.Build.0 = Release|Any CPU
		{82BFB2F7-8C98-4374-AFC1-CC22E1861DED}.Release|x86.ActiveCfg = Release|Any CPU
	EndGlobalSection
	GlobalSection(SolutionProperties) = preSolution
		HideSolutionNode = FALSE
	EndGlobalSection
EndGlobal
