
Microsoft Visual Studio Solution File, Format Version 12.00
# Visual Studio 14
VisualStudioVersion = 14.0.24720.0
MinimumVisualStudioVersion = 10.0.40219.1
Project("{FAE04EC0-301F-11D3-BF4B-00C04F79EFBC}") = "TraceLab", "TraceLab.csproj", "{7286BBD3-327E-4078-A693-6F6AC53D72ED}"
EndProject
Project("{FAE04EC0-301F-11D3-BF4B-00C04F79EFBC}") = "TraceLabSDK", "TraceLabSDK\TraceLabSDK.csproj", "{E9B1767C-DB2A-4B16-B6AB-02CEA4DB3B6D}"
EndProject
Project("{FAE04EC0-301F-11D3-BF4B-00C04F79EFBC}") = "TraceLab.Core", "TraceLab.Core\TraceLab.Core.csproj", "{D22496F8-7E72-4B36-9FCA-630CD1679943}"
EndProject
Project("{FAE04EC0-301F-11D3-BF4B-00C04F79EFBC}") = "TraceLab.UI.WPF", "TraceLab.UI.WPF\TraceLab.UI.WPF.csproj", "{E8980EAF-6E96-4A24-890B-D72D67AA60ED}"
EndProject
Project("{FAE04EC0-301F-11D3-BF4B-00C04F79EFBC}") = "TraceLab.Core.Test", "TraceLab.Core.Test\TraceLab.Core.Test.csproj", "{2AA8F02D-2B2A-4032-B81D-2ECA9E3CEDA8}"
EndProject
Project("{FAE04EC0-301F-11D3-BF4B-00C04F79EFBC}") = "TraceLabSDK.UI.WPF", "TraceLabSDK.UI.WPF\TraceLabSDK.UI.WPF.csproj", "{79C2DC13-8416-4458-A986-E6A2EB5EAEDB}"
EndProject
Project("{FAE04EC0-301F-11D3-BF4B-00C04F79EFBC}") = "TraceLabSDK.Types", "TraceLabSDK.Types\TraceLabSDK.Types.csproj", "{94A3E4E6-2EB7-4715-8A11-D8CF119D7458}"
EndProject
Project("{2150E333-8FDC-42A3-9474-1A3956D46DE8}") = "Solution Items", "Solution Items", "{7936A0CF-9C1C-4AF9-8B60-151D93C07321}"
	ProjectSection(SolutionItems) = preProject
		TraceLab.testsettings = TraceLab.testsettings
		TraceLab.Wpf.vsmdi = TraceLab.Wpf.vsmdi
	EndProjectSection
EndProject
Project("{FAE04EC0-301F-11D3-BF4B-00C04F79EFBC}") = "PackageBuilder", "PackageBuilder\PackageBuilder.csproj", "{24F89B25-7534-4599-9296-967BC2575FD5}"
EndProject
Project("{FAE04EC0-301F-11D3-BF4B-00C04F79EFBC}") = "TraceLabConsole", "TraceLabConsole\TraceLabConsole.csproj", "{23CFB202-288D-4574-AA4E-D8FBA7BC9A5C}"
EndProject
Project("{FAE04EC0-301F-11D3-BF4B-00C04F79EFBC}") = "TraceLabWeb", "TraceLabWeb\TraceLabWeb.csproj", "{C03619B0-8824-441D-A80D-5ED6C48783FF}"
EndProject
Project("{E24C65DC-7377-472B-9ABA-BC803B73C61A}") = "WebService", "http://localhost:49460", "{940CF486-C926-4463-ADB2-FAB076756051}"
	ProjectSection(WebsiteProperties) = preProject
		UseIISExpress = "true"
		TargetFrameworkMoniker = ".NETFramework,Version%3Dv4.5"
		ProjectReferences = "{23cfb202-288d-4574-aa4e-d8fba7bc9a5c}|TraceLabConsole.dll;{D22496F8-7E72-4B36-9FCA-630CD1679943}|TraceLab.Core.dll;{E9B1767C-DB2A-4B16-B6AB-02CEA4DB3B6D}|TraceLabSDK.dll;{94A3E4E6-2EB7-4715-8A11-D8CF119D7458}|TraceLabSDK.Types.dll;{7286BBD3-327E-4078-A693-6F6AC53D72ED}|TraceLab.dll;"
		Debug.AspNetCompiler.VirtualPath = "/localhost_49460"
		Debug.AspNetCompiler.PhysicalPath = "..\WebService\"
		Debug.AspNetCompiler.TargetPath = "PrecompiledWeb\localhost_49460\"
		Debug.AspNetCompiler.Updateable = "true"
		Debug.AspNetCompiler.ForceOverwrite = "true"
		Debug.AspNetCompiler.FixedNames = "false"
		Debug.AspNetCompiler.Debug = "True"
		Release.AspNetCompiler.VirtualPath = "/localhost_49460"
		Release.AspNetCompiler.PhysicalPath = "..\WebService\"
		Release.AspNetCompiler.TargetPath = "PrecompiledWeb\localhost_49460\"
		Release.AspNetCompiler.Updateable = "true"
		Release.AspNetCompiler.ForceOverwrite = "true"
		Release.AspNetCompiler.FixedNames = "false"
		Release.AspNetCompiler.Debug = "False"
		SlnRelativePath = "..\WebService\"
	EndProjectSection
EndProject
Global
	GlobalSection(SolutionConfigurationPlatforms) = preSolution
		Debug|Any CPU = Debug|Any CPU
		Debug|Mixed Platforms = Debug|Mixed Platforms
		Debug|x86 = Debug|x86
		Deploy|Any CPU = Deploy|Any CPU
		Deploy|Mixed Platforms = Deploy|Mixed Platforms
		Deploy|x86 = Deploy|x86
		Release|Any CPU = Release|Any CPU
		Release|Mixed Platforms = Release|Mixed Platforms
		Release|x86 = Release|x86
	EndGlobalSection
	GlobalSection(ProjectConfigurationPlatforms) = postSolution
		{7286BBD3-327E-4078-A693-6F6AC53D72ED}.Debug|Any CPU.ActiveCfg = Debug|Any CPU
		{7286BBD3-327E-4078-A693-6F6AC53D72ED}.Debug|Any CPU.Build.0 = Debug|Any CPU
		{7286BBD3-327E-4078-A693-6F6AC53D72ED}.Debug|Mixed Platforms.ActiveCfg = Debug|Any CPU
		{7286BBD3-327E-4078-A693-6F6AC53D72ED}.Debug|Mixed Platforms.Build.0 = Debug|Any CPU
		{7286BBD3-327E-4078-A693-6F6AC53D72ED}.Debug|x86.ActiveCfg = Debug|Any CPU
		{7286BBD3-327E-4078-A693-6F6AC53D72ED}.Deploy|Any CPU.ActiveCfg = Deploy|Any CPU
		{7286BBD3-327E-4078-A693-6F6AC53D72ED}.Deploy|Any CPU.Build.0 = Deploy|Any CPU
		{7286BBD3-327E-4078-A693-6F6AC53D72ED}.Deploy|Mixed Platforms.ActiveCfg = Deploy|Any CPU
		{7286BBD3-327E-4078-A693-6F6AC53D72ED}.Deploy|Mixed Platforms.Build.0 = Deploy|Any CPU
		{7286BBD3-327E-4078-A693-6F6AC53D72ED}.Deploy|x86.ActiveCfg = Deploy|Any CPU
		{7286BBD3-327E-4078-A693-6F6AC53D72ED}.Release|Any CPU.ActiveCfg = Release|Any CPU
		{7286BBD3-327E-4078-A693-6F6AC53D72ED}.Release|Any CPU.Build.0 = Release|Any CPU
		{7286BBD3-327E-4078-A693-6F6AC53D72ED}.Release|Mixed Platforms.ActiveCfg = Release|Any CPU
		{7286BBD3-327E-4078-A693-6F6AC53D72ED}.Release|Mixed Platforms.Build.0 = Release|Any CPU
		{7286BBD3-327E-4078-A693-6F6AC53D72ED}.Release|x86.ActiveCfg = Release|Any CPU
		{E9B1767C-DB2A-4B16-B6AB-02CEA4DB3B6D}.Debug|Any CPU.ActiveCfg = Debug|Any CPU
		{E9B1767C-DB2A-4B16-B6AB-02CEA4DB3B6D}.Debug|Any CPU.Build.0 = Debug|Any CPU
		{E9B1767C-DB2A-4B16-B6AB-02CEA4DB3B6D}.Debug|Mixed Platforms.ActiveCfg = Debug|Any CPU
		{E9B1767C-DB2A-4B16-B6AB-02CEA4DB3B6D}.Debug|Mixed Platforms.Build.0 = Debug|Any CPU
		{E9B1767C-DB2A-4B16-B6AB-02CEA4DB3B6D}.Debug|x86.ActiveCfg = Debug|Any CPU
		{E9B1767C-DB2A-4B16-B6AB-02CEA4DB3B6D}.Deploy|Any CPU.ActiveCfg = Deploy|Any CPU
		{E9B1767C-DB2A-4B16-B6AB-02CEA4DB3B6D}.Deploy|Any CPU.Build.0 = Deploy|Any CPU
		{E9B1767C-DB2A-4B16-B6AB-02CEA4DB3B6D}.Deploy|Mixed Platforms.ActiveCfg = Deploy|Any CPU
		{E9B1767C-DB2A-4B16-B6AB-02CEA4DB3B6D}.Deploy|Mixed Platforms.Build.0 = Deploy|Any CPU
		{E9B1767C-DB2A-4B16-B6AB-02CEA4DB3B6D}.Deploy|x86.ActiveCfg = Deploy|Any CPU
		{E9B1767C-DB2A-4B16-B6AB-02CEA4DB3B6D}.Release|Any CPU.ActiveCfg = Release|Any CPU
		{E9B1767C-DB2A-4B16-B6AB-02CEA4DB3B6D}.Release|Any CPU.Build.0 = Release|Any CPU
		{E9B1767C-DB2A-4B16-B6AB-02CEA4DB3B6D}.Release|Mixed Platforms.ActiveCfg = Release|Any CPU
		{E9B1767C-DB2A-4B16-B6AB-02CEA4DB3B6D}.Release|Mixed Platforms.Build.0 = Release|Any CPU
		{E9B1767C-DB2A-4B16-B6AB-02CEA4DB3B6D}.Release|x86.ActiveCfg = Release|Any CPU
		{D22496F8-7E72-4B36-9FCA-630CD1679943}.Debug|Any CPU.ActiveCfg = Debug|Any CPU
		{D22496F8-7E72-4B36-9FCA-630CD1679943}.Debug|Any CPU.Build.0 = Debug|Any CPU
		{D22496F8-7E72-4B36-9FCA-630CD1679943}.Debug|Mixed Platforms.ActiveCfg = Debug|Any CPU
		{D22496F8-7E72-4B36-9FCA-630CD1679943}.Debug|Mixed Platforms.Build.0 = Debug|Any CPU
		{D22496F8-7E72-4B36-9FCA-630CD1679943}.Debug|x86.ActiveCfg = Debug|Any CPU
		{D22496F8-7E72-4B36-9FCA-630CD1679943}.Deploy|Any CPU.ActiveCfg = Deploy|Any CPU
		{D22496F8-7E72-4B36-9FCA-630CD1679943}.Deploy|Any CPU.Build.0 = Deploy|Any CPU
		{D22496F8-7E72-4B36-9FCA-630CD1679943}.Deploy|Mixed Platforms.ActiveCfg = Deploy|Any CPU
		{D22496F8-7E72-4B36-9FCA-630CD1679943}.Deploy|Mixed Platforms.Build.0 = Deploy|Any CPU
		{D22496F8-7E72-4B36-9FCA-630CD1679943}.Deploy|x86.ActiveCfg = Deploy|Any CPU
		{D22496F8-7E72-4B36-9FCA-630CD1679943}.Release|Any CPU.ActiveCfg = Release|Any CPU
		{D22496F8-7E72-4B36-9FCA-630CD1679943}.Release|Any CPU.Build.0 = Release|Any CPU
		{D22496F8-7E72-4B36-9FCA-630CD1679943}.Release|Mixed Platforms.ActiveCfg = Release|Any CPU
		{D22496F8-7E72-4B36-9FCA-630CD1679943}.Release|Mixed Platforms.Build.0 = Release|Any CPU
		{D22496F8-7E72-4B36-9FCA-630CD1679943}.Release|x86.ActiveCfg = Release|Any CPU
		{E8980EAF-6E96-4A24-890B-D72D67AA60ED}.Debug|Any CPU.ActiveCfg = Debug|Any CPU
		{E8980EAF-6E96-4A24-890B-D72D67AA60ED}.Debug|Any CPU.Build.0 = Debug|Any CPU
		{E8980EAF-6E96-4A24-890B-D72D67AA60ED}.Debug|Mixed Platforms.ActiveCfg = Debug|Any CPU
		{E8980EAF-6E96-4A24-890B-D72D67AA60ED}.Debug|Mixed Platforms.Build.0 = Debug|Any CPU
		{E8980EAF-6E96-4A24-890B-D72D67AA60ED}.Debug|x86.ActiveCfg = Debug|Any CPU
		{E8980EAF-6E96-4A24-890B-D72D67AA60ED}.Deploy|Any CPU.ActiveCfg = Deploy|Any CPU
		{E8980EAF-6E96-4A24-890B-D72D67AA60ED}.Deploy|Any CPU.Build.0 = Deploy|Any CPU
		{E8980EAF-6E96-4A24-890B-D72D67AA60ED}.Deploy|Mixed Platforms.ActiveCfg = Deploy|Any CPU
		{E8980EAF-6E96-4A24-890B-D72D67AA60ED}.Deploy|Mixed Platforms.Build.0 = Deploy|Any CPU
		{E8980EAF-6E96-4A24-890B-D72D67AA60ED}.Deploy|x86.ActiveCfg = Deploy|Any CPU
		{E8980EAF-6E96-4A24-890B-D72D67AA60ED}.Release|Any CPU.ActiveCfg = Release|Any CPU
		{E8980EAF-6E96-4A24-890B-D72D67AA60ED}.Release|Any CPU.Build.0 = Release|Any CPU
		{E8980EAF-6E96-4A24-890B-D72D67AA60ED}.Release|Mixed Platforms.ActiveCfg = Release|Any CPU
		{E8980EAF-6E96-4A24-890B-D72D67AA60ED}.Release|Mixed Platforms.Build.0 = Release|Any CPU
		{E8980EAF-6E96-4A24-890B-D72D67AA60ED}.Release|x86.ActiveCfg = Release|Any CPU
		{2AA8F02D-2B2A-4032-B81D-2ECA9E3CEDA8}.Debug|Any CPU.ActiveCfg = Debug|Any CPU
		{2AA8F02D-2B2A-4032-B81D-2ECA9E3CEDA8}.Debug|Any CPU.Build.0 = Debug|Any CPU
		{2AA8F02D-2B2A-4032-B81D-2ECA9E3CEDA8}.Debug|Mixed Platforms.ActiveCfg = Debug|Any CPU
		{2AA8F02D-2B2A-4032-B81D-2ECA9E3CEDA8}.Debug|Mixed Platforms.Build.0 = Debug|Any CPU
		{2AA8F02D-2B2A-4032-B81D-2ECA9E3CEDA8}.Debug|x86.ActiveCfg = Debug|Any CPU
		{2AA8F02D-2B2A-4032-B81D-2ECA9E3CEDA8}.Deploy|Any CPU.ActiveCfg = Deploy|Any CPU
		{2AA8F02D-2B2A-4032-B81D-2ECA9E3CEDA8}.Deploy|Any CPU.Build.0 = Deploy|Any CPU
		{2AA8F02D-2B2A-4032-B81D-2ECA9E3CEDA8}.Deploy|Mixed Platforms.ActiveCfg = Deploy|Any CPU
		{2AA8F02D-2B2A-4032-B81D-2ECA9E3CEDA8}.Deploy|Mixed Platforms.Build.0 = Deploy|Any CPU
		{2AA8F02D-2B2A-4032-B81D-2ECA9E3CEDA8}.Deploy|x86.ActiveCfg = Deploy|Any CPU
		{2AA8F02D-2B2A-4032-B81D-2ECA9E3CEDA8}.Release|Any CPU.ActiveCfg = Release|Any CPU
		{2AA8F02D-2B2A-4032-B81D-2ECA9E3CEDA8}.Release|Any CPU.Build.0 = Release|Any CPU
		{2AA8F02D-2B2A-4032-B81D-2ECA9E3CEDA8}.Release|Mixed Platforms.ActiveCfg = Release|Any CPU
		{2AA8F02D-2B2A-4032-B81D-2ECA9E3CEDA8}.Release|Mixed Platforms.Build.0 = Release|Any CPU
		{2AA8F02D-2B2A-4032-B81D-2ECA9E3CEDA8}.Release|x86.ActiveCfg = Release|Any CPU
		{79C2DC13-8416-4458-A986-E6A2EB5EAEDB}.Debug|Any CPU.ActiveCfg = Debug|Any CPU
		{79C2DC13-8416-4458-A986-E6A2EB5EAEDB}.Debug|Any CPU.Build.0 = Debug|Any CPU
		{79C2DC13-8416-4458-A986-E6A2EB5EAEDB}.Debug|Mixed Platforms.ActiveCfg = Debug|Any CPU
		{79C2DC13-8416-4458-A986-E6A2EB5EAEDB}.Debug|Mixed Platforms.Build.0 = Debug|Any CPU
		{79C2DC13-8416-4458-A986-E6A2EB5EAEDB}.Debug|x86.ActiveCfg = Debug|Any CPU
		{79C2DC13-8416-4458-A986-E6A2EB5EAEDB}.Deploy|Any CPU.ActiveCfg = Deploy|Any CPU
		{79C2DC13-8416-4458-A986-E6A2EB5EAEDB}.Deploy|Any CPU.Build.0 = Deploy|Any CPU
		{79C2DC13-8416-4458-A986-E6A2EB5EAEDB}.Deploy|Mixed Platforms.ActiveCfg = Deploy|Any CPU
		{79C2DC13-8416-4458-A986-E6A2EB5EAEDB}.Deploy|Mixed Platforms.Build.0 = Deploy|Any CPU
		{79C2DC13-8416-4458-A986-E6A2EB5EAEDB}.Deploy|x86.ActiveCfg = Deploy|Any CPU
		{79C2DC13-8416-4458-A986-E6A2EB5EAEDB}.Release|Any CPU.ActiveCfg = Release|Any CPU
		{79C2DC13-8416-4458-A986-E6A2EB5EAEDB}.Release|Any CPU.Build.0 = Release|Any CPU
		{79C2DC13-8416-4458-A986-E6A2EB5EAEDB}.Release|Mixed Platforms.ActiveCfg = Release|Any CPU
		{79C2DC13-8416-4458-A986-E6A2EB5EAEDB}.Release|Mixed Platforms.Build.0 = Release|Any CPU
		{79C2DC13-8416-4458-A986-E6A2EB5EAEDB}.Release|x86.ActiveCfg = Release|Any CPU
		{94A3E4E6-2EB7-4715-8A11-D8CF119D7458}.Debug|Any CPU.ActiveCfg = Debug|Any CPU
		{94A3E4E6-2EB7-4715-8A11-D8CF119D7458}.Debug|Any CPU.Build.0 = Debug|Any CPU
		{94A3E4E6-2EB7-4715-8A11-D8CF119D7458}.Debug|Mixed Platforms.ActiveCfg = Debug|Any CPU
		{94A3E4E6-2EB7-4715-8A11-D8CF119D7458}.Debug|Mixed Platforms.Build.0 = Debug|Any CPU
		{94A3E4E6-2EB7-4715-8A11-D8CF119D7458}.Debug|x86.ActiveCfg = Debug|Any CPU
		{94A3E4E6-2EB7-4715-8A11-D8CF119D7458}.Deploy|Any CPU.ActiveCfg = Deploy|Any CPU
		{94A3E4E6-2EB7-4715-8A11-D8CF119D7458}.Deploy|Any CPU.Build.0 = Deploy|Any CPU
		{94A3E4E6-2EB7-4715-8A11-D8CF119D7458}.Deploy|Mixed Platforms.ActiveCfg = Deploy|Any CPU
		{94A3E4E6-2EB7-4715-8A11-D8CF119D7458}.Deploy|Mixed Platforms.Build.0 = Deploy|Any CPU
		{94A3E4E6-2EB7-4715-8A11-D8CF119D7458}.Deploy|x86.ActiveCfg = Deploy|Any CPU
		{94A3E4E6-2EB7-4715-8A11-D8CF119D7458}.Release|Any CPU.ActiveCfg = Release|Any CPU
		{94A3E4E6-2EB7-4715-8A11-D8CF119D7458}.Release|Any CPU.Build.0 = Release|Any CPU
		{94A3E4E6-2EB7-4715-8A11-D8CF119D7458}.Release|Mixed Platforms.ActiveCfg = Release|Any CPU
		{94A3E4E6-2EB7-4715-8A11-D8CF119D7458}.Release|Mixed Platforms.Build.0 = Release|Any CPU
		{94A3E4E6-2EB7-4715-8A11-D8CF119D7458}.Release|x86.ActiveCfg = Release|Any CPU
		{24F89B25-7534-4599-9296-967BC2575FD5}.Debug|Any CPU.ActiveCfg = Debug|Any CPU
		{24F89B25-7534-4599-9296-967BC2575FD5}.Debug|Any CPU.Build.0 = Debug|Any CPU
		{24F89B25-7534-4599-9296-967BC2575FD5}.Debug|Mixed Platforms.ActiveCfg = Debug|Any CPU
		{24F89B25-7534-4599-9296-967BC2575FD5}.Debug|Mixed Platforms.Build.0 = Debug|Any CPU
		{24F89B25-7534-4599-9296-967BC2575FD5}.Debug|x86.ActiveCfg = Debug|Any CPU
		{24F89B25-7534-4599-9296-967BC2575FD5}.Deploy|Any CPU.ActiveCfg = Deploy|Any CPU
		{24F89B25-7534-4599-9296-967BC2575FD5}.Deploy|Any CPU.Build.0 = Deploy|Any CPU
		{24F89B25-7534-4599-9296-967BC2575FD5}.Deploy|Mixed Platforms.ActiveCfg = Deploy|Any CPU
		{24F89B25-7534-4599-9296-967BC2575FD5}.Deploy|Mixed Platforms.Build.0 = Deploy|Any CPU
		{24F89B25-7534-4599-9296-967BC2575FD5}.Deploy|x86.ActiveCfg = Deploy|Any CPU
		{24F89B25-7534-4599-9296-967BC2575FD5}.Release|Any CPU.ActiveCfg = Release|Any CPU
		{24F89B25-7534-4599-9296-967BC2575FD5}.Release|Any CPU.Build.0 = Release|Any CPU
		{24F89B25-7534-4599-9296-967BC2575FD5}.Release|Mixed Platforms.ActiveCfg = Release|Any CPU
		{24F89B25-7534-4599-9296-967BC2575FD5}.Release|Mixed Platforms.Build.0 = Release|Any CPU
		{24F89B25-7534-4599-9296-967BC2575FD5}.Release|x86.ActiveCfg = Release|Any CPU
		{23CFB202-288D-4574-AA4E-D8FBA7BC9A5C}.Debug|Any CPU.ActiveCfg = Debug|x86
		{23CFB202-288D-4574-AA4E-D8FBA7BC9A5C}.Debug|Mixed Platforms.ActiveCfg = Debug|x86
		{23CFB202-288D-4574-AA4E-D8FBA7BC9A5C}.Debug|Mixed Platforms.Build.0 = Debug|x86
		{23CFB202-288D-4574-AA4E-D8FBA7BC9A5C}.Debug|x86.ActiveCfg = Debug|x86
		{23CFB202-288D-4574-AA4E-D8FBA7BC9A5C}.Debug|x86.Build.0 = Debug|x86
		{23CFB202-288D-4574-AA4E-D8FBA7BC9A5C}.Deploy|Any CPU.ActiveCfg = Debug|x86
		{23CFB202-288D-4574-AA4E-D8FBA7BC9A5C}.Deploy|Mixed Platforms.ActiveCfg = Debug|x86
		{23CFB202-288D-4574-AA4E-D8FBA7BC9A5C}.Deploy|Mixed Platforms.Build.0 = Debug|x86
		{23CFB202-288D-4574-AA4E-D8FBA7BC9A5C}.Deploy|x86.ActiveCfg = Debug|x86
		{23CFB202-288D-4574-AA4E-D8FBA7BC9A5C}.Deploy|x86.Build.0 = Debug|x86
		{23CFB202-288D-4574-AA4E-D8FBA7BC9A5C}.Release|Any CPU.ActiveCfg = Release|x86
		{23CFB202-288D-4574-AA4E-D8FBA7BC9A5C}.Release|Mixed Platforms.ActiveCfg = Release|x86
		{23CFB202-288D-4574-AA4E-D8FBA7BC9A5C}.Release|Mixed Platforms.Build.0 = Release|x86
		{23CFB202-288D-4574-AA4E-D8FBA7BC9A5C}.Release|x86.ActiveCfg = Release|x86
		{23CFB202-288D-4574-AA4E-D8FBA7BC9A5C}.Release|x86.Build.0 = Release|x86
		{C03619B0-8824-441D-A80D-5ED6C48783FF}.Debug|Any CPU.ActiveCfg = Debug|Any CPU
		{C03619B0-8824-441D-A80D-5ED6C48783FF}.Debug|Any CPU.Build.0 = Debug|Any CPU
		{C03619B0-8824-441D-A80D-5ED6C48783FF}.Debug|Mixed Platforms.ActiveCfg = Debug|Any CPU
		{C03619B0-8824-441D-A80D-5ED6C48783FF}.Debug|Mixed Platforms.Build.0 = Debug|Any CPU
		{C03619B0-8824-441D-A80D-5ED6C48783FF}.Debug|x86.ActiveCfg = Debug|Any CPU
		{C03619B0-8824-441D-A80D-5ED6C48783FF}.Deploy|Any CPU.ActiveCfg = Debug|Any CPU
		{C03619B0-8824-441D-A80D-5ED6C48783FF}.Deploy|Any CPU.Build.0 = Debug|Any CPU
		{C03619B0-8824-441D-A80D-5ED6C48783FF}.Deploy|Mixed Platforms.ActiveCfg = Debug|Any CPU
		{C03619B0-8824-441D-A80D-5ED6C48783FF}.Deploy|Mixed Platforms.Build.0 = Debug|Any CPU
		{C03619B0-8824-441D-A80D-5ED6C48783FF}.Deploy|x86.ActiveCfg = Debug|Any CPU
		{C03619B0-8824-441D-A80D-5ED6C48783FF}.Release|Any CPU.ActiveCfg = Release|Any CPU
		{C03619B0-8824-441D-A80D-5ED6C48783FF}.Release|Any CPU.Build.0 = Release|Any CPU
		{C03619B0-8824-441D-A80D-5ED6C48783FF}.Release|Mixed Platforms.ActiveCfg = Release|Any CPU
		{C03619B0-8824-441D-A80D-5ED6C48783FF}.Release|Mixed Platforms.Build.0 = Release|Any CPU
		{C03619B0-8824-441D-A80D-5ED6C48783FF}.Release|x86.ActiveCfg = Release|Any CPU
		{940CF486-C926-4463-ADB2-FAB076756051}.Debug|Any CPU.ActiveCfg = Debug|Any CPU
		{940CF486-C926-4463-ADB2-FAB076756051}.Debug|Any CPU.Build.0 = Debug|Any CPU
		{940CF486-C926-4463-ADB2-FAB076756051}.Debug|Mixed Platforms.ActiveCfg = Debug|Any CPU
		{940CF486-C926-4463-ADB2-FAB076756051}.Debug|Mixed Platforms.Build.0 = Debug|Any CPU
		{940CF486-C926-4463-ADB2-FAB076756051}.Debug|x86.ActiveCfg = Debug|Any CPU
		{940CF486-C926-4463-ADB2-FAB076756051}.Debug|x86.Build.0 = Debug|Any CPU
		{940CF486-C926-4463-ADB2-FAB076756051}.Deploy|Any CPU.ActiveCfg = Debug|Any CPU
		{940CF486-C926-4463-ADB2-FAB076756051}.Deploy|Any CPU.Build.0 = Debug|Any CPU
		{940CF486-C926-4463-ADB2-FAB076756051}.Deploy|Mixed Platforms.ActiveCfg = Debug|Any CPU
		{940CF486-C926-4463-ADB2-FAB076756051}.Deploy|Mixed Platforms.Build.0 = Debug|Any CPU
		{940CF486-C926-4463-ADB2-FAB076756051}.Deploy|x86.ActiveCfg = Debug|Any CPU
		{940CF486-C926-4463-ADB2-FAB076756051}.Deploy|x86.Build.0 = Debug|Any CPU
		{940CF486-C926-4463-ADB2-FAB076756051}.Release|Any CPU.ActiveCfg = Debug|Any CPU
		{940CF486-C926-4463-ADB2-FAB076756051}.Release|Any CPU.Build.0 = Debug|Any CPU
		{940CF486-C926-4463-ADB2-FAB076756051}.Release|Mixed Platforms.ActiveCfg = Debug|Any CPU
		{940CF486-C926-4463-ADB2-FAB076756051}.Release|Mixed Platforms.Build.0 = Debug|Any CPU
		{940CF486-C926-4463-ADB2-FAB076756051}.Release|x86.ActiveCfg = Debug|Any CPU
		{940CF486-C926-4463-ADB2-FAB076756051}.Release|x86.Build.0 = Debug|Any CPU
	EndGlobalSection
	GlobalSection(SolutionProperties) = preSolution
		HideSolutionNode = FALSE
	EndGlobalSection
	GlobalSection(TestCaseManagementSettings) = postSolution
		CategoryFile = TraceLab.Wpf.vsmdi
	EndGlobalSection
EndGlobal
