
Microsoft Visual Studio Solution File, Format Version 11.00
# Visual Studio 2010
Project("{FAE04EC0-301F-11D3-BF4B-00C04F79EFBC}") = "TraceabilityUserFeedbackGUI", "TraceabilityUserFeedbackGUI.csproj", "{12C35657-89E4-4B81-A959-4C099E709A03}"
EndProject
Global
	GlobalSection(SourceCodeControl) = preSolution
		SccNumberOfProjects = 2
		SccLocalPath0 = .
		SccProjectUniqueName1 = TraceabilityUserFeedbackGUI.csproj
		SccLocalPath1 = .
	EndGlobalSection
	GlobalSection(SolutionConfigurationPlatforms) = preSolution
		Debug|Any CPU = Debug|Any CPU
		Release|Any CPU = Release|Any CPU
	EndGlobalSection
	GlobalSection(ProjectConfigurationPlatforms) = postSolution
		{12C35657-89E4-4B81-A959-4C099E709A03}.Debug|Any CPU.ActiveCfg = Debug|Any CPU
		{12C35657-89E4-4B81-A959-4C099E709A03}.Debug|Any CPU.Build.0 = Debug|Any CPU
		{12C35657-89E4-4B81-A959-4C099E709A03}.Release|Any CPU.ActiveCfg = Release|Any CPU
		{12C35657-89E4-4B81-A959-4C099E709A03}.Release|Any CPU.Build.0 = Release|Any CPU
	EndGlobalSection
	GlobalSection(SolutionProperties) = preSolution
		HideSolutionNode = FALSE
	EndGlobalSection
EndGlobal
