
Microsoft Visual Studio Solution File, Format Version 11.00
# Visual Studio 2010
Project("{FAE04EC0-301F-11D3-BF4B-00C04F79EFBC}") = "GUIDReport", "GUIDReport.csproj", "{3C1C693E-954C-416C-8476-D1A1EDD2CFFC}"
EndProject
Global
	GlobalSection(SolutionConfigurationPlatforms) = preSolution
		Debug|Any CPU = Debug|Any CPU
		Debug|Mixed Platforms = Debug|Mixed Platforms
		Debug|x86 = Debug|x86
		Deploy|Any CPU = Deploy|Any CPU
		Deploy|Mixed Platforms = Deploy|Mixed Platforms
		Deploy|x86 = Deploy|x86
		Release|Any CPU = Release|Any CPU
		Release|Mixed Platforms = Release|Mixed Platforms
		Release|x86 = Release|x86
	EndGlobalSection
	GlobalSection(ProjectConfigurationPlatforms) = postSolution
		{3C1C693E-954C-416C-8476-D1A1EDD2CFFC}.Debug|Any CPU.ActiveCfg = Debug|x86
		{3C1C693E-954C-416C-8476-D1A1EDD2CFFC}.Debug|Mixed Platforms.ActiveCfg = Debug|x86
		{3C1C693E-954C-416C-8476-D1A1EDD2CFFC}.Debug|Mixed Platforms.Build.0 = Debug|x86
		{3C1C693E-954C-416C-8476-D1A1EDD2CFFC}.Debug|x86.ActiveCfg = Debug|x86
		{3C1C693E-954C-416C-8476-D1A1EDD2CFFC}.Debug|x86.Build.0 = Debug|x86
		{3C1C693E-954C-416C-8476-D1A1EDD2CFFC}.Deploy|Any CPU.ActiveCfg = Debug|x86
		{3C1C693E-954C-416C-8476-D1A1EDD2CFFC}.Deploy|Mixed Platforms.ActiveCfg = Debug|x86
		{3C1C693E-954C-416C-8476-D1A1EDD2CFFC}.Deploy|Mixed Platforms.Build.0 = Debug|x86
		{3C1C693E-954C-416C-8476-D1A1EDD2CFFC}.Deploy|x86.ActiveCfg = Debug|x86
		{3C1C693E-954C-416C-8476-D1A1EDD2CFFC}.Deploy|x86.Build.0 = Debug|x86
		{3C1C693E-954C-416C-8476-D1A1EDD2CFFC}.Release|Any CPU.ActiveCfg = Release|x86
		{3C1C693E-954C-416C-8476-D1A1EDD2CFFC}.Release|Mixed Platforms.ActiveCfg = Release|x86
		{3C1C693E-954C-416C-8476-D1A1EDD2CFFC}.Release|Mixed Platforms.Build.0 = Release|x86
		{3C1C693E-954C-416C-8476-D1A1EDD2CFFC}.Release|x86.ActiveCfg = Release|x86
		{3C1C693E-954C-416C-8476-D1A1EDD2CFFC}.Release|x86.Build.0 = Release|x86
	EndGlobalSection
	GlobalSection(SolutionProperties) = preSolution
		HideSolutionNode = FALSE
	EndGlobalSection
EndGlobal
