
Microsoft Visual Studio Solution File, Format Version 11.00
# Visual Studio 2010
Project("{FAE04EC0-301F-11D3-BF4B-00C04F79EFBC}") = "AdvSoftEng", "AdvSoftEng\AdvSoftEng.csproj", "{BA2A7F40-15A9-41AC-B775-BB7F884E107E}"
EndProject
Project("{FAE04EC0-301F-11D3-BF4B-00C04F79EFBC}") = "AdvSoftEng.Types", "AdvSoftEng.Types\AdvSoftEng.Types.csproj", "{EC906264-B277-4A49-BD0A-6F687D3098F3}"
EndProject
Project("{FAE04EC0-301F-11D3-BF4B-00C04F79EFBC}") = "AdvSoftEng.Types.UI.WPF", "AdvSoftEng.Types.UI.WPF\AdvSoftEng.Types.UI.WPF.csproj", "{92D25317-B58C-41A0-B1C7-525ADB4AD1EB}"
EndProject
Project("{FAE04EC0-301F-11D3-BF4B-00C04F79EFBC}") = "HW1Experiment", "HW1Experiment\HW1Experiment.csproj", "{57F460A3-4993-48D1-A2CB-449B8099B17D}"
EndProject
Global
	GlobalSection(SourceCodeControl) = preSolution
		SccNumberOfProjects = 5
		SccLocalPath0 = .
		SccProjectUniqueName1 = AdvSoftEng\\AdvSoftEng.csproj
		SccLocalPath1 = .
		SccProjectFilePathRelativizedFromConnection1 = AdvSoftEng\\
		SccProjectUniqueName2 = AdvSoftEng.Types\\AdvSoftEng.Types.csproj
		SccLocalPath2 = .
		SccProjectFilePathRelativizedFromConnection2 = AdvSoftEng.Types\\
		SccProjectUniqueName3 = AdvSoftEng.Types.UI.WPF\\AdvSoftEng.Types.UI.WPF.csproj
		SccLocalPath3 = .
		SccProjectFilePathRelativizedFromConnection3 = AdvSoftEng.Types.UI.WPF\\
		SccProjectUniqueName4 = HW1Experiment\\HW1Experiment.csproj
		SccLocalPath4 = .
		SccProjectFilePathRelativizedFromConnection4 = HW1Experiment\\
	EndGlobalSection
	GlobalSection(SolutionConfigurationPlatforms) = preSolution
		Debug|Any CPU = Debug|Any CPU
		Debug|Mixed Platforms = Debug|Mixed Platforms
		Debug|x86 = Debug|x86
		Release|Any CPU = Release|Any CPU
		Release|Mixed Platforms = Release|Mixed Platforms
		Release|x86 = Release|x86
	EndGlobalSection
	GlobalSection(ProjectConfigurationPlatforms) = postSolution
		{BA2A7F40-15A9-41AC-B775-BB7F884E107E}.Debug|Any CPU.ActiveCfg = Debug|Any CPU
		{BA2A7F40-15A9-41AC-B775-BB7F884E107E}.Debug|Any CPU.Build.0 = Debug|Any CPU
		{BA2A7F40-15A9-41AC-B775-BB7F884E107E}.Debug|Mixed Platforms.ActiveCfg = Debug|Any CPU
		{BA2A7F40-15A9-41AC-B775-BB7F884E107E}.Debug|Mixed Platforms.Build.0 = Debug|Any CPU
		{BA2A7F40-15A9-41AC-B775-BB7F884E107E}.Debug|x86.ActiveCfg = Debug|Any CPU
		{BA2A7F40-15A9-41AC-B775-BB7F884E107E}.Release|Any CPU.ActiveCfg = Release|Any CPU
		{BA2A7F40-15A9-41AC-B775-BB7F884E107E}.Release|Any CPU.Build.0 = Release|Any CPU
		{BA2A7F40-15A9-41AC-B775-BB7F884E107E}.Release|Mixed Platforms.ActiveCfg = Release|Any CPU
		{BA2A7F40-15A9-41AC-B775-BB7F884E107E}.Release|Mixed Platforms.Build.0 = Release|Any CPU
		{BA2A7F40-15A9-41AC-B775-BB7F884E107E}.Release|x86.ActiveCfg = Release|Any CPU
		{EC906264-B277-4A49-BD0A-6F687D3098F3}.Debug|Any CPU.ActiveCfg = Debug|Any CPU
		{EC906264-B277-4A49-BD0A-6F687D3098F3}.Debug|Any CPU.Build.0 = Debug|Any CPU
		{EC906264-B277-4A49-BD0A-6F687D3098F3}.Debug|Mixed Platforms.ActiveCfg = Debug|Any CPU
		{EC906264-B277-4A49-BD0A-6F687D3098F3}.Debug|Mixed Platforms.Build.0 = Debug|Any CPU
		{EC906264-B277-4A49-BD0A-6F687D3098F3}.Debug|x86.ActiveCfg = Debug|Any CPU
		{EC906264-B277-4A49-BD0A-6F687D3098F3}.Release|Any CPU.ActiveCfg = Release|Any CPU
		{EC906264-B277-4A49-BD0A-6F687D3098F3}.Release|Any CPU.Build.0 = Release|Any CPU
		{EC906264-B277-4A49-BD0A-6F687D3098F3}.Release|Mixed Platforms.ActiveCfg = Release|Any CPU
		{EC906264-B277-4A49-BD0A-6F687D3098F3}.Release|Mixed Platforms.Build.0 = Release|Any CPU
		{EC906264-B277-4A49-BD0A-6F687D3098F3}.Release|x86.ActiveCfg = Release|Any CPU
		{92D25317-B58C-41A0-B1C7-525ADB4AD1EB}.Debug|Any CPU.ActiveCfg = Debug|Any CPU
		{92D25317-B58C-41A0-B1C7-525ADB4AD1EB}.Debug|Any CPU.Build.0 = Debug|Any CPU
		{92D25317-B58C-41A0-B1C7-525ADB4AD1EB}.Debug|Mixed Platforms.ActiveCfg = Debug|Any CPU
		{92D25317-B58C-41A0-B1C7-525ADB4AD1EB}.Debug|Mixed Platforms.Build.0 = Debug|Any CPU
		{92D25317-B58C-41A0-B1C7-525ADB4AD1EB}.Debug|x86.ActiveCfg = Debug|Any CPU
		{92D25317-B58C-41A0-B1C7-525ADB4AD1EB}.Release|Any CPU.ActiveCfg = Release|Any CPU
		{92D25317-B58C-41A0-B1C7-525ADB4AD1EB}.Release|Any CPU.Build.0 = Release|Any CPU
		{92D25317-B58C-41A0-B1C7-525ADB4AD1EB}.Release|Mixed Platforms.ActiveCfg = Release|Any CPU
		{92D25317-B58C-41A0-B1C7-525ADB4AD1EB}.Release|Mixed Platforms.Build.0 = Release|Any CPU
		{92D25317-B58C-41A0-B1C7-525ADB4AD1EB}.Release|x86.ActiveCfg = Release|Any CPU
		{57F460A3-4993-48D1-A2CB-449B8099B17D}.Debug|Any CPU.ActiveCfg = Debug|x86
		{57F460A3-4993-48D1-A2CB-449B8099B17D}.Debug|Mixed Platforms.ActiveCfg = Debug|x86
		{57F460A3-4993-48D1-A2CB-449B8099B17D}.Debug|Mixed Platforms.Build.0 = Debug|x86
		{57F460A3-4993-48D1-A2CB-449B8099B17D}.Debug|x86.ActiveCfg = Debug|x86
		{57F460A3-4993-48D1-A2CB-449B8099B17D}.Debug|x86.Build.0 = Debug|x86
		{57F460A3-4993-48D1-A2CB-449B8099B17D}.Release|Any CPU.ActiveCfg = Release|x86
		{57F460A3-4993-48D1-A2CB-449B8099B17D}.Release|Mixed Platforms.ActiveCfg = Release|x86
		{57F460A3-4993-48D1-A2CB-449B8099B17D}.Release|Mixed Platforms.Build.0 = Release|x86
		{57F460A3-4993-48D1-A2CB-449B8099B17D}.Release|x86.ActiveCfg = Release|x86
		{57F460A3-4993-48D1-A2CB-449B8099B17D}.Release|x86.Build.0 = Release|x86
	EndGlobalSection
	GlobalSection(SolutionProperties) = preSolution
		HideSolutionNode = FALSE
	EndGlobalSection
EndGlobal
